lockfileVersion: '9.0'

settings:
  autoInstallPeers: true
  excludeLinksFromLockfile: false

importers:

  .:
    dependencies:
      '@effect/platform':
        specifier: ^0.94.5
        version: 0.94.5(effect@3.21.2)
      '@effect/platform-node':
        specifier: ^0.104.1
        version: 0.104.1(@effect/cluster@0.56.4(@effect/platform@0.94.5(effect@3.21.2))(@effect/rpc@0.73.2(@effect/platform@0.94.5(effect@3.21.2))(effect@3.21.2))(@effect/sql@0.49.0(@effect/experimental@0.58.0(@effect/platform@0.94.5(effect@3.21.2))(effect@3.21.2))(@effect/platform@0.94.5(effect@3.21.2))(effect@3.21.2))(@effect/workflow@0.16.0(@effect/experimental@0.58.0(@effect/platform@0.94.5(effect@3.21.2))(effect@3.21.2))(@effect/platform@0.94.5(effect@3.21.2))(@effect/rpc@0.73.2(@effect/platform@0.94.5(effect@3.21.2))(effect@3.21.2))(effect@3.21.2))(effect@3.21.2))(@effect/platform@0.94.5(effect@3.21.2))(@effect/rpc@0.73.2(@effect/platform@0.94.5(effect@3.21.2))(effect@3.21.2))(@effect/sql@0.49.0(@effect/experimental@0.58.0(@effect/platform@0.94.5(effect@3.21.2))(effect@3.21.2))(@effect/platform@0.94.5(effect@3.21.2))(effect@3.21.2))(effect@3.21.2)
      '@sentry/effect':
        specifier: latest || *
        version: 10.56.0(@opentelemetry/api@1.9.1)(@opentelemetry/core@2.7.1(@opentelemetry/api@1.9.1))(@opentelemetry/sdk-trace-base@2.7.1(@opentelemetry/api@1.9.1))(@opentelemetry/semantic-conventions@1.41.1)(effect@3.21.2)
      '@types/node':
        specifier: ^18.19.1
        version: 18.19.130
      effect:
        specifier: ^3.19.19
        version: 3.21.2
      typescript:
        specifier: ~5.0.0
        version: 5.0.4
    devDependencies:
      '@playwright/test':
        specifier: ~1.56.0
        version: 1.56.1
      '@sentry-internal/test-utils':
        specifier: link:../../../test-utils
        version: link:../../../test-utils

packages:

  '@effect/cluster@0.56.4':
    resolution: {integrity: sha512-7Je5/JlbZOlsSxsbKjr97dJed2cNGWsb+TLNgMcr5mRDbcWlFOTUGvsrisEJV6waosYLIg+2omPdvnvRoYKdhA==}
    peerDependencies:
      '@effect/platform': ^0.94.5
      '@effect/rpc': ^0.73.1
      '@effect/sql': ^0.49.0
      '@effect/workflow': ^0.16.0
      effect: ^3.19.17

  '@effect/experimental@0.58.0':
    resolution: {integrity: sha512-IEP9sapjF6rFy5TkoqDPc86st/fnqUfjT7Xa3pWJrFGr1hzaMXHo+mWsYOZS9LAOVKnpHuVziDK97EP5qsCHVA==}
    peerDependencies:
      '@effect/platform': ^0.94.0
      effect: ^3.19.13
      ioredis: ^5
      lmdb: ^3
    peerDependenciesMeta:
      ioredis:
        optional: true
      lmdb:
        optional: true

  '@effect/platform-node-shared@0.57.1':
    resolution: {integrity: sha512-oX/bApMdoKsyrDiNdJxo7U9Rz1RXsjRv+ecfAPp1qGlSdGIo32wVRvJ2XCHqYj0sqaYJS0pU0/GCulRfVGuJag==}
    peerDependencies:
      '@effect/cluster': ^0.56.1
      '@effect/platform': ^0.94.2
      '@effect/rpc': ^0.73.0
      '@effect/sql': ^0.49.0
      effect: ^3.19.15

  '@effect/platform-node@0.104.1':
    resolution: {integrity: sha512-jT1a/z98niK6fnEU8pWHPPCdJMVDRCIdB65lolcOjse5rsTwVbczMjvKkhVQpF63mNWoOnol7OTRNkw5L54llg==}
    peerDependencies:
      '@effect/cluster': ^0.56.1
      '@effect/platform': ^0.94.2
      '@effect/rpc': ^0.73.0
      '@effect/sql': ^0.49.0
      effect: ^3.19.15

  '@effect/platform@0.94.5':
    resolution: {integrity: sha512-z05APUiDDPbodhTkH/RJqOLoCU11bU2IZLfcwLFrld03+ob1VeqRnELQlmueLIYm6NZifHAtjl32V+GRt34y4A==}
    peerDependencies:
      effect: ^3.19.17

  '@effect/rpc@0.73.2':
    resolution: {integrity: sha512-td7LHDgBOYKg+VgGWEelD8rSAmvjXz7am17vfxZROX5qIYuvH7drL/z4p5xQFadhHZ7DYdlFpqdO9ggc77OCIw==}
    peerDependencies:
      '@effect/platform': ^0.94.5
      effect: ^3.19.18

  '@effect/sql@0.49.0':
    resolution: {integrity: sha512-9UEKR+z+MrI/qMAmSvb/RiD9KlgIazjZUCDSpwNgm0lEK9/Q6ExEyfziiYFVCPiptp52cBw8uBHRic8hHnwqXA==}
    peerDependencies:
      '@effect/experimental': ^0.58.0
      '@effect/platform': ^0.94.0
      effect: ^3.19.13

  '@effect/workflow@0.16.0':
    resolution: {integrity: sha512-MiAdlxx3TixkgHdbw+Yf1Z3tHAAE0rOQga12kIydJqj05Fnod+W/I+kQGRMY/XWRg+QUsVxhmh1qTr7Ype6lrw==}
    peerDependencies:
      '@effect/experimental': ^0.58.0
      '@effect/platform': ^0.94.0
      '@effect/rpc': ^0.73.0
      effect: ^3.19.13

  '@msgpackr-extract/msgpackr-extract-darwin-arm64@3.0.4':
    resolution: {integrity: sha512-LCkGo6JDfaBhgST7UpPWgNgLINpcpabaHfyz5OBx75nUYxBsaEPxjnyNjWpeb/xBup/682QnBfRBy2/LvPutZQ==}
    cpu: [arm64]
    os: [darwin]

  '@msgpackr-extract/msgpackr-extract-darwin-x64@3.0.4':
    resolution: {integrity: sha512-zExlW9zUJKZH/tOtVMttwjKa4Xm/3KcNjnE3dPN92uCktwavMxpgCA3MoJK/DOnTWsQgo224OaST27/mPNAf+w==}
    cpu: [x64]
    os: [darwin]

  '@msgpackr-extract/msgpackr-extract-linux-arm64@3.0.4':
    resolution: {integrity: sha512-dgX0P/9wGPJeHFBG+ZmhgE6bmtMt7NP5CRBGyyktpopdk/mW4POnrpQsSLtKI1dwpc+pPLuXHDh6vvskyQE/sw==}
    cpu: [arm64]
    os: [linux]

  '@msgpackr-extract/msgpackr-extract-linux-arm@3.0.4':
    resolution: {integrity: sha512-Tg3yX65f5GbtXLkrYEHE5oibZG9epyYWas7FogTTEJeDEF9JlXJzKgXaNhT3UXlTOeA+AfZpYZYZ0uPj7Cfquw==}
    cpu: [arm]
    os: [linux]

  '@msgpackr-extract/msgpackr-extract-linux-x64@3.0.4':
    resolution: {integrity: sha512-8TNXMEjJc3QEy7R/x1INhgiU+XakDAFUzBhaz7+Rbrs8NH5UQeHQxxmzsSBJGyV6I1jW79undiQm8tOI+D+8FQ==}
    cpu: [x64]
    os: [linux]

  '@msgpackr-extract/msgpackr-extract-win32-x64@3.0.4':
    resolution: {integrity: sha512-CmCXPQrkbwExx3j946/PtHWHbYJiCRBRDl4BlkRQcJB/YOwQxJRTpoo7aTsortjgoJ1x7opzTSxn7C+ASSLVjQ==}
    cpu: [x64]
    os: [win32]

  '@opentelemetry/api@1.9.1':
    resolution: {integrity: sha512-gLyJlPHPZYdAk1JENA9LeHejZe1Ti77/pTeFm/nMXmQH/HFZlcS/O2XJB+L8fkbrNSqhdtlvjBVjxwUYanNH5Q==}
    engines: {node: '>=8.0.0'}

  '@opentelemetry/core@2.7.1':
    resolution: {integrity: sha512-QAqIj32AtK6+pEVNG7EOVxHdE06RP+FM5qpiEJ4RtDcFIqKUZHYhl7/7UY5efhwmwNAg7j8QbJVBLxMerc0+gw==}
    engines: {node: ^18.19.0 || >=20.6.0}
    peerDependencies:
      '@opentelemetry/api': '>=1.0.0 <1.10.0'

  '@opentelemetry/resources@2.7.1':
    resolution: {integrity: sha512-DeT6KKolmC4e/dRQvMQ/RwlnzhaqeiFOXY5ngoOPJ07GgVVKxZOg9EcrNZb5aTzUn+iCrJldAgOfQm1O/QfPAQ==}
    engines: {node: ^18.19.0 || >=20.6.0}
    peerDependencies:
      '@opentelemetry/api': '>=1.3.0 <1.10.0'

  '@opentelemetry/sdk-trace-base@2.7.1':
    resolution: {integrity: sha512-NAYIlsF8MPUsKqJMiDQJTMPOmlbawC1Iz/omMLygZ1C9am8fTKYjTaI+OZM+WTY3t3Glo0wnOg/6/pac6RGPPw==}
    engines: {node: ^18.19.0 || >=20.6.0}
    peerDependencies:
      '@opentelemetry/api': '>=1.3.0 <1.10.0'

  '@opentelemetry/semantic-conventions@1.41.1':
    resolution: {integrity: sha512-/UhIkaZgPutTFmQ7RnIJGgDXZmtEJ7Dvi86xNTFWcnRxVRNk/aotsqDJYeEvDP+FSMB2SdW+pQzNMcWP0rwuNA==}
    engines: {node: '>=14'}

  '@parcel/watcher-android-arm64@2.5.6':
    resolution: {integrity: sha512-YQxSS34tPF/6ZG7r/Ih9xy+kP/WwediEUsqmtf0cuCV5TPPKw/PQHRhueUo6JdeFJaqV3pyjm0GdYjZotbRt/A==}
    engines: {node: '>= 10.0.0'}
    cpu: [arm64]
    os: [android]

  '@parcel/watcher-darwin-arm64@2.5.6':
    resolution: {integrity: sha512-Z2ZdrnwyXvvvdtRHLmM4knydIdU9adO3D4n/0cVipF3rRiwP+3/sfzpAwA/qKFL6i1ModaabkU7IbpeMBgiVEA==}
    engines: {node: '>= 10.0.0'}
    cpu: [arm64]
    os: [darwin]

  '@parcel/watcher-darwin-x64@2.5.6':
    resolution: {integrity: sha512-HgvOf3W9dhithcwOWX9uDZyn1lW9R+7tPZ4sug+NGrGIo4Rk1hAXLEbcH1TQSqxts0NYXXlOWqVpvS1SFS4fRg==}
    engines: {node: '>= 10.0.0'}
    cpu: [x64]
    os: [darwin]

  '@parcel/watcher-freebsd-x64@2.5.6':
    resolution: {integrity: sha512-vJVi8yd/qzJxEKHkeemh7w3YAn6RJCtYlE4HPMoVnCpIXEzSrxErBW5SJBgKLbXU3WdIpkjBTeUNtyBVn8TRng==}
    engines: {node: '>= 10.0.0'}
    cpu: [x64]
    os: [freebsd]

  '@parcel/watcher-linux-arm-glibc@2.5.6':
    resolution: {integrity: sha512-9JiYfB6h6BgV50CCfasfLf/uvOcJskMSwcdH1PHH9rvS1IrNy8zad6IUVPVUfmXr+u+Km9IxcfMLzgdOudz9EQ==}
    engines: {node: '>= 10.0.0'}
    cpu: [arm]
    os: [linux]

  '@parcel/watcher-linux-arm-musl@2.5.6':
    resolution: {integrity: sha512-Ve3gUCG57nuUUSyjBq/MAM0CzArtuIOxsBdQ+ftz6ho8n7s1i9E1Nmk/xmP323r2YL0SONs1EuwqBp2u1k5fxg==}
    engines: {node: '>= 10.0.0'}
    cpu: [arm]
    os: [linux]

  '@parcel/watcher-linux-arm64-glibc@2.5.6':
    resolution: {integrity: sha512-f2g/DT3NhGPdBmMWYoxixqYr3v/UXcmLOYy16Bx0TM20Tchduwr4EaCbmxh1321TABqPGDpS8D/ggOTaljijOA==}
    engines: {node: '>= 10.0.0'}
    cpu: [arm64]
    os: [linux]

  '@parcel/watcher-linux-arm64-musl@2.5.6':
    resolution: {integrity: sha512-qb6naMDGlbCwdhLj6hgoVKJl2odL34z2sqkC7Z6kzir8b5W65WYDpLB6R06KabvZdgoHI/zxke4b3zR0wAbDTA==}
    engines: {node: '>= 10.0.0'}
    cpu: [arm64]
    os: [linux]

  '@parcel/watcher-linux-x64-glibc@2.5.6':
    resolution: {integrity: sha512-kbT5wvNQlx7NaGjzPFu8nVIW1rWqV780O7ZtkjuWaPUgpv2NMFpjYERVi0UYj1msZNyCzGlaCWEtzc+exjMGbQ==}
    engines: {node: '>= 10.0.0'}
    cpu: [x64]
    os: [linux]

  '@parcel/watcher-linux-x64-musl@2.5.6':
    resolution: {integrity: sha512-1JRFeC+h7RdXwldHzTsmdtYR/Ku8SylLgTU/reMuqdVD7CtLwf0VR1FqeprZ0eHQkO0vqsbvFLXUmYm/uNKJBg==}
    engines: {node: '>= 10.0.0'}
    cpu: [x64]
    os: [linux]

  '@parcel/watcher-win32-arm64@2.5.6':
    resolution: {integrity: sha512-3ukyebjc6eGlw9yRt678DxVF7rjXatWiHvTXqphZLvo7aC5NdEgFufVwjFfY51ijYEWpXbqF5jtrK275z52D4Q==}
    engines: {node: '>= 10.0.0'}
    cpu: [arm64]
    os: [win32]

  '@parcel/watcher-win32-ia32@2.5.6':
    resolution: {integrity: sha512-k35yLp1ZMwwee3Ez/pxBi5cf4AoBKYXj00CZ80jUz5h8prpiaQsiRPKQMxoLstNuqe2vR4RNPEAEcjEFzhEz/g==}
    engines: {node: '>= 10.0.0'}
    cpu: [ia32]
    os: [win32]

  '@parcel/watcher-win32-x64@2.5.6':
    resolution: {integrity: sha512-hbQlYcCq5dlAX9Qx+kFb0FHue6vbjlf0FrNzSKdYK2APUf7tGfGxQCk2ihEREmbR6ZMc0MVAD5RIX/41gpUzTw==}
    engines: {node: '>= 10.0.0'}
    cpu: [x64]
    os: [win32]

  '@parcel/watcher@2.5.6':
    resolution: {integrity: sha512-tmmZ3lQxAe/k/+rNnXQRawJ4NjxO2hqiOLTHvWchtGZULp4RyFeh6aU4XdOYBFe2KE1oShQTv4AblOs2iOrNnQ==}
    engines: {node: '>= 10.0.0'}

  '@playwright/test@1.56.1':
    resolution: {integrity: sha512-vSMYtL/zOcFpvJCW71Q/OEGQb7KYBPAdKh35WNSkaZA75JlAO8ED8UN6GUNTm3drWomcbcqRPFqQbLae8yBTdg==}
    engines: {node: '>=18'}
    hasBin: true

  '@sentry-internal/browser-utils@10.56.0':
    resolution: {integrity: sha512-I8tZWAFg8SZpD8BFUpglEtSTzhZjacmcThB5/Mlq/iFiiT8mBPG4ZWDWssSfmIBKvZywJZJ83uDA0+uiJU73Tw==}
    engines: {node: '>=18'}

  '@sentry-internal/feedback@10.56.0':
    resolution: {integrity: sha512-fkRR9JroESTIlErkht3OrH4DXKd/DbPozr2KLdX7boMo31hPu4cL9fuqzwOrwyDPRq9B4j+qEgIWB8JrTbgvmg==}
    engines: {node: '>=18'}

  '@sentry-internal/replay-canvas@10.56.0':
    resolution: {integrity: sha512-SDg2K0CAZT/TnhrixQGwXoi6ZsWUB+DQy3UUk0bSQm6c/5k5zFBpGOiughQN+DYsDilKREfPKmUEEnqvUjm1HQ==}
    engines: {node: '>=18'}

  '@sentry-internal/replay@10.56.0':
    resolution: {integrity: sha512-DjF09hpy3TF7Km/kOZc73YJmBqcbPCxuZ5rtRs+KtVHu3Vq48xeW83qKUcFEZv20ur9UD99OAJ/gaEt//1Qbwg==}
    engines: {node: '>=18'}

  '@sentry/browser@10.56.0':
    resolution: {integrity: sha512-80X3NmsGB6tLmfzXYdjzWWdVAdL5CRukGKLcRWIcNhgGjtskOmnzaGb93egEZGI5bUTbtONJ0oyscQ3Z9yoAtQ==}
    engines: {node: '>=18'}

  '@sentry/core@10.56.0':
    resolution: {integrity: sha512-L+u1dIz5SANrmST5jhIwETtt4apILgKrylv12X4hKJU0PvZl+NorjeV/ty3MwzpKQPg6b6q6qMOSLc1rLpy3iQ==}
    engines: {node: '>=18'}

  '@sentry/effect@10.56.0':
    resolution: {integrity: sha512-+tJBc1x0psRxgKAytYksmeEHfVT5tlUYbacYkIJte1SxmWYyjGdu8bynuWK+x+Q+f1LCvMlIQm2dkkOyG4BcJw==}
    engines: {node: '>=18'}
    peerDependencies:
      effect: ^3.0.0 || ^4.0.0-beta.50

  '@sentry/node-core@10.56.0':
    resolution: {integrity: sha512-61lD2Wjtv5Lw2F3lJarcD0ORjR4GlVxrEd6w6Of/uF3DH73dD6K3n/3wXEeCIRfV/kgiCFIrCIq76nz0LVgE5g==}
    engines: {node: '>=18'}
    peerDependencies:
      '@opentelemetry/api': ^1.9.0
      '@opentelemetry/core': ^1.30.1 || ^2.1.0
      '@opentelemetry/exporter-trace-otlp-http': '>=0.57.0 <1'
      '@opentelemetry/instrumentation': '>=0.57.1 <1'
      '@opentelemetry/sdk-trace-base': ^1.30.1 || ^2.1.0
      '@opentelemetry/semantic-conventions': ^1.39.0
    peerDependenciesMeta:
      '@opentelemetry/api':
        optional: true
      '@opentelemetry/core':
        optional: true
      '@opentelemetry/exporter-trace-otlp-http':
        optional: true
      '@opentelemetry/instrumentation':
        optional: true
      '@opentelemetry/sdk-trace-base':
        optional: true
      '@opentelemetry/semantic-conventions':
        optional: true

  '@sentry/opentelemetry@10.56.0':
    resolution: {integrity: sha512-PtMudApHMHvttjos3b7JZ2gJ+nstHAOYE3vKPYB5o0WQO95ldiaYnpLKMCRIGZWF3Dk7ynrqqnBpn8LZLt+Mrg==}
    engines: {node: '>=18'}
    peerDependencies:
      '@opentelemetry/api': ^1.9.0
      '@opentelemetry/core': ^1.30.1 || ^2.1.0
      '@opentelemetry/sdk-trace-base': ^1.30.1 || ^2.1.0
      '@opentelemetry/semantic-conventions': ^1.39.0

  '@standard-schema/spec@1.1.0':
    resolution: {integrity: sha512-l2aFy5jALhniG5HgqrD6jXLi/rUWrKvqN/qJx6yoJsgKhblVd+iqqU4RCXavm/jPityDo5TCvKMnpjKnOriy0w==}

  '@types/node@18.19.130':
    resolution: {integrity: sha512-GRaXQx6jGfL8sKfaIDD6OupbIHBr9jv7Jnaml9tB7l4v068PAOXqfcujMMo5PhbIs6ggR1XODELqahT2R8v0fg==}

  acorn-import-attributes@1.9.5:
    resolution: {integrity: sha512-n02Vykv5uA3eHGM/Z2dQrcD56kL8TyDb2p1+0P83PClMnC/nc+anbQRhIOWnSq4Ke/KvDPrY3C9hDtC/A3eHnQ==}
    peerDependencies:
      acorn: ^8

  acorn@8.16.0:
    resolution: {integrity: sha512-UVJyE9MttOsBQIDKw1skb9nAwQuR5wuGD3+82K6JgJlm/Y+KI92oNsMNGZCYdDsVtRHSak0pcV5Dno5+4jh9sw==}
    engines: {node: '>=0.4.0'}
    hasBin: true

  cjs-module-lexer@2.2.0:
    resolution: {integrity: sha512-4bHTS2YuzUvtoLjdy+98ykbNB5jS0+07EvFNXerqZQJ89F7DI6ET7OQo/HJuW6K0aVsKA9hj9/RVb2kQVOrPDQ==}

  detect-libc@2.1.2:
    resolution: {integrity: sha512-Btj2BOOO83o3WyH59e8MgXsxEQVcarkUOpEYrubB0urwnN10yQ364rsiByU11nZlqWYZm05i/of7io4mzihBtQ==}
    engines: {node: '>=8'}

  effect@3.21.2:
    resolution: {integrity: sha512-rXd2FGDM8KdjSIrc+mqEELo7ScW7xTVxEf1iInmPSpIde9/nyGuFM710cjTo7/EreGXiUX2MOonPpprbz2XHCg==}

  fast-check@3.23.2:
    resolution: {integrity: sha512-h5+1OzzfCC3Ef7VbtKdcv7zsstUQwUDlYpUTvjeUsJAssPgLn7QzbboPtL5ro04Mq0rPOsMzl7q5hIbRs2wD1A==}
    engines: {node: '>=8.0.0'}

  find-my-way-ts@0.1.6:
    resolution: {integrity: sha512-a85L9ZoXtNAey3Y6Z+eBWW658kO/MwR7zIafkIUPUMf3isZG0NCs2pjW2wtjxAKuJPxMAsHUIP4ZPGv0o5gyTA==}

  fsevents@2.3.2:
    resolution: {integrity: sha512-xiqMQR4xAeHTuB9uWm+fFRcIOgKBMiOBP+eXiyT7jsgVCq1bkVygt00oASowB7EdtpOHaaPgKt812P9ab+DDKA==}
    engines: {node: ^8.16.0 || ^10.6.0 || >=11.0.0}
    os: [darwin]

  import-in-the-middle@3.0.1:
    resolution: {integrity: sha512-pYkiyXVL2Mf3pozdlDGV6NAObxQx13Ae8knZk1UJRJ6uRW/ZRmTGHlQYtrsSl7ubuE5F8CD1z+s1n4RHNuTtuA==}
    engines: {node: '>=18'}

  is-extglob@2.1.1:
    resolution: {integrity: sha512-SbKbANkN603Vi4jEZv49LeVJMn4yGwsbzZworEoyEiutsN3nJYdbO36zfhGJ6QEDpOZIFkDtnq5JRxmvl3jsoQ==}
    engines: {node: '>=0.10.0'}

  is-glob@4.0.3:
    resolution: {integrity: sha512-xelSayHH36ZgE7ZWhli7pW34hNbNl8Ojv5KVmkJD4hBdD3th8Tfk9vYasLM+mXWOZhFkgZfxhLSnrwRr4elSSg==}
    engines: {node: '>=0.10.0'}

  kubernetes-types@1.30.0:
    resolution: {integrity: sha512-Dew1okvhM/SQcIa2rcgujNndZwU8VnSapDgdxlYoB84ZlpAD43U6KLAFqYo17ykSFGHNPrg0qry0bP+GJd9v7Q==}

  mime@3.0.0:
    resolution: {integrity: sha512-jSCU7/VB1loIWBZe14aEYHU/+1UMEHoaO7qxCOVJOw9GgH72VAWppxNcjU+x9a2k3GSIBXNKxXQFqRvvZ7vr3A==}
    engines: {node: '>=10.0.0'}
    hasBin: true

  module-details-from-path@1.0.4:
    resolution: {integrity: sha512-EGWKgxALGMgzvxYF1UyGTy0HXX/2vHLkw6+NvDKW2jypWbHpjQuj4UMcqQWXHERJhVGKikolT06G3bcKe4fi7w==}

  msgpackr-extract@3.0.4:
    resolution: {integrity: sha512-4kmO/MdyUIkLIvTPr8VHLil4AtoKIoniWPIEk5+CDy0xnWC84azhSFmuJ7PxZdsYtiP5kEeQsORAVIeMgxT+Hw==}
    hasBin: true

  msgpackr@1.11.12:
    resolution: {integrity: sha512-RBdJ1Un7yGlXWajrkxcSa93nvQ0w4zBf60c0yYv7YtBelP8H2FA7XsfBbMHtXKXUMUxH7zV3Zuozh+kUQWhHvg==}

  multipasta@0.2.7:
    resolution: {integrity: sha512-KPA58d68KgGil15oDqXjkUBEBYc00XvbPj5/X+dyzeo/lWm9Nc25pQRlf1D+gv4OpK7NM0J1odrbu9JNNGvynA==}

  node-addon-api@7.1.1:
    resolution: {integrity: sha512-5m3bsyrjFWE1xf7nz7YXdN4udnVtXK6/Yfgn5qnahL6bCkf2yKt4k3nuTKAtT4r3IG8JNR2ncsIMdZuAzJjHQQ==}

  node-gyp-build-optional-packages@5.2.2:
    resolution: {integrity: sha512-s+w+rBWnpTMwSFbaE0UXsRlg7hU4FjekKU4eyAih5T8nJuNZT1nNsskXpxmeqSK9UzkBl6UgRlnKc8hz8IEqOw==}
    hasBin: true

  picomatch@4.0.4:
    resolution: {integrity: sha512-QP88BAKvMam/3NxH6vj2o21R6MjxZUAd6nlwAS/pnGvN9IVLocLHxGYIzFhg6fUQ+5th6P4dv4eW9jX3DSIj7A==}
    engines: {node: '>=12'}

  playwright-core@1.56.1:
    resolution: {integrity: sha512-hutraynyn31F+Bifme+Ps9Vq59hKuUCz7H1kDOcBs+2oGguKkWTU50bBWrtz34OUWmIwpBTWDxaRPXrIXkgvmQ==}
    engines: {node: '>=18'}
    hasBin: true

  playwright@1.56.1:
    resolution: {integrity: sha512-aFi5B0WovBHTEvpM3DzXTUaeN6eN0qWnTkKx4NQaH4Wvcmc153PdaY2UBdSYKaGYw+UyWXSVyxDUg5DoPEttjw==}
    engines: {node: '>=18'}
    hasBin: true

  pure-rand@6.1.0:
    resolution: {integrity: sha512-bVWawvoZoBYpp6yIoQtQXHZjmz35RSVHnUOTefl8Vcjr8snTPY1wnpSPMWekcFwbxI6gtmT7rSYPFvz71ldiOA==}

  typescript@5.0.4:
    resolution: {integrity: sha512-cW9T5W9xY37cc+jfEnaUvX91foxtHkza3Nw3wkoF4sSlKn0MONdkdEndig/qPBWXNkmplh3NzayQzCiHM4/hqw==}
    engines: {node: '>=12.20'}
    hasBin: true

  undici-types@5.26.5:
    resolution: {integrity: sha512-JlCMO+ehdEIKqlFxk6IfVoAUVmgz7cU7zD/h9XZ0qzeosSHmUJVOzSQvvYSYWXkFXC+IfLKSIffhv0sVZup6pA==}

  undici@7.27.0:
    resolution: {integrity: sha512-+t2Z/GwkZQDtu00813aP66ygViGtPHKhhoFZpQKpKrE+9jIgES+Zw+mFNaDWOVRKiuJjuqKHzD3B1sfGg8+ZOQ==}
    engines: {node: '>=20.18.1'}

  uuid@11.1.1:
    resolution: {integrity: sha512-vIYxrBCC/N/K+Js3qSN88go7kIfNPssr/hHCesKCQNAjmgvYS2oqr69kIufEG+O4+PfezOH4EbIeHCfFov8ZgQ==}
    hasBin: true

  ws@8.21.0:
    resolution: {integrity: sha512-Vsp28b7DRcimFQvrqu2Wek3z1iYxDCWqHYB8Qsnk/S4RfaCQzPGPyBNuVjJV3cd6UiKtUtp6sNM77gWvzcCH+g==}
    engines: {node: '>=10.0.0'}
    peerDependencies:
      bufferutil: ^4.0.1
      utf-8-validate: '>=5.0.2'
    peerDependenciesMeta:
      bufferutil:
        optional: true
      utf-8-validate:
        optional: true

snapshots:

  '@effect/cluster@0.56.4(@effect/platform@0.94.5(effect@3.21.2))(@effect/rpc@0.73.2(@effect/platform@0.94.5(effect@3.21.2))(effect@3.21.2))(@effect/sql@0.49.0(@effect/experimental@0.58.0(@effect/platform@0.94.5(effect@3.21.2))(effect@3.21.2))(@effect/platform@0.94.5(effect@3.21.2))(effect@3.21.2))(@effect/workflow@0.16.0(@effect/experimental@0.58.0(@effect/platform@0.94.5(effect@3.21.2))(effect@3.21.2))(@effect/platform@0.94.5(effect@3.21.2))(@effect/rpc@0.73.2(@effect/platform@0.94.5(effect@3.21.2))(effect@3.21.2))(effect@3.21.2))(effect@3.21.2)':
    dependencies:
      '@effect/platform': 0.94.5(effect@3.21.2)
      '@effect/rpc': 0.73.2(@effect/platform@0.94.5(effect@3.21.2))(effect@3.21.2)
      '@effect/sql': 0.49.0(@effect/experimental@0.58.0(@effect/platform@0.94.5(effect@3.21.2))(effect@3.21.2))(@effect/platform@0.94.5(effect@3.21.2))(effect@3.21.2)
      '@effect/workflow': 0.16.0(@effect/experimental@0.58.0(@effect/platform@0.94.5(effect@3.21.2))(effect@3.21.2))(@effect/platform@0.94.5(effect@3.21.2))(@effect/rpc@0.73.2(@effect/platform@0.94.5(effect@3.21.2))(effect@3.21.2))(effect@3.21.2)
      effect: 3.21.2
      kubernetes-types: 1.30.0

  '@effect/experimental@0.58.0(@effect/platform@0.94.5(effect@3.21.2))(effect@3.21.2)':
    dependencies:
      '@effect/platform': 0.94.5(effect@3.21.2)
      effect: 3.21.2
      uuid: 11.1.1

  '@effect/platform-node-shared@0.57.1(@effect/cluster@0.56.4(@effect/platform@0.94.5(effect@3.21.2))(@effect/rpc@0.73.2(@effect/platform@0.94.5(effect@3.21.2))(effect@3.21.2))(@effect/sql@0.49.0(@effect/experimental@0.58.0(@effect/platform@0.94.5(effect@3.21.2))(effect@3.21.2))(@effect/platform@0.94.5(effect@3.21.2))(effect@3.21.2))(@effect/workflow@0.16.0(@effect/experimental@0.58.0(@effect/platform@0.94.5(effect@3.21.2))(effect@3.21.2))(@effect/platform@0.94.5(effect@3.21.2))(@effect/rpc@0.73.2(@effect/platform@0.94.5(effect@3.21.2))(effect@3.21.2))(effect@3.21.2))(effect@3.21.2))(@effect/platform@0.94.5(effect@3.21.2))(@effect/rpc@0.73.2(@effect/platform@0.94.5(effect@3.21.2))(effect@3.21.2))(@effect/sql@0.49.0(@effect/experimental@0.58.0(@effect/platform@0.94.5(effect@3.21.2))(effect@3.21.2))(@effect/platform@0.94.5(effect@3.21.2))(effect@3.21.2))(effect@3.21.2)':
    dependencies:
      '@effect/cluster': 0.56.4(@effect/platform@0.94.5(effect@3.21.2))(@effect/rpc@0.73.2(@effect/platform@0.94.5(effect@3.21.2))(effect@3.21.2))(@effect/sql@0.49.0(@effect/experimental@0.58.0(@effect/platform@0.94.5(effect@3.21.2))(effect@3.21.2))(@effect/platform@0.94.5(effect@3.21.2))(effect@3.21.2))(@effect/workflow@0.16.0(@effect/experimental@0.58.0(@effect/platform@0.94.5(effect@3.21.2))(effect@3.21.2))(@effect/platform@0.94.5(effect@3.21.2))(@effect/rpc@0.73.2(@effect/platform@0.94.5(effect@3.21.2))(effect@3.21.2))(effect@3.21.2))(effect@3.21.2)
      '@effect/platform': 0.94.5(effect@3.21.2)
      '@effect/rpc': 0.73.2(@effect/platform@0.94.5(effect@3.21.2))(effect@3.21.2)
      '@effect/sql': 0.49.0(@effect/experimental@0.58.0(@effect/platform@0.94.5(effect@3.21.2))(effect@3.21.2))(@effect/platform@0.94.5(effect@3.21.2))(effect@3.21.2)
      '@parcel/watcher': 2.5.6
      effect: 3.21.2
      multipasta: 0.2.7
      ws: 8.21.0
    transitivePeerDependencies:
      - bufferutil
      - utf-8-validate

  '@effect/platform-node@0.104.1(@effect/cluster@0.56.4(@effect/platform@0.94.5(effect@3.21.2))(@effect/rpc@0.73.2(@effect/platform@0.94.5(effect@3.21.2))(effect@3.21.2))(@effect/sql@0.49.0(@effect/experimental@0.58.0(@effect/platform@0.94.5(effect@3.21.2))(effect@3.21.2))(@effect/platform@0.94.5(effect@3.21.2))(effect@3.21.2))(@effect/workflow@0.16.0(@effect/experimental@0.58.0(@effect/platform@0.94.5(effect@3.21.2))(effect@3.21.2))(@effect/platform@0.94.5(effect@3.21.2))(@effect/rpc@0.73.2(@effect/platform@0.94.5(effect@3.21.2))(effect@3.21.2))(effect@3.21.2))(effect@3.21.2))(@effect/platform@0.94.5(effect@3.21.2))(@effect/rpc@0.73.2(@effect/platform@0.94.5(effect@3.21.2))(effect@3.21.2))(@effect/sql@0.49.0(@effect/experimental@0.58.0(@effect/platform@0.94.5(effect@3.21.2))(effect@3.21.2))(@effect/platform@0.94.5(effect@3.21.2))(effect@3.21.2))(effect@3.21.2)':
    dependencies:
      '@effect/cluster': 0.56.4(@effect/platform@0.94.5(effect@3.21.2))(@effect/rpc@0.73.2(@effect/platform@0.94.5(effect@3.21.2))(effect@3.21.2))(@effect/sql@0.49.0(@effect/experimental@0.58.0(@effect/platform@0.94.5(effect@3.21.2))(effect@3.21.2))(@effect/platform@0.94.5(effect@3.21.2))(effect@3.21.2))(@effect/workflow@0.16.0(@effect/experimental@0.58.0(@effect/platform@0.94.5(effect@3.21.2))(effect@3.21.2))(@effect/platform@0.94.5(effect@3.21.2))(@effect/rpc@0.73.2(@effect/platform@0.94.5(effect@3.21.2))(effect@3.21.2))(effect@3.21.2))(effect@3.21.2)
      '@effect/platform': 0.94.5(effect@3.21.2)
      '@effect/platform-node-shared': 0.57.1(@effect/cluster@0.56.4(@effect/platform@0.94.5(effect@3.21.2))(@effect/rpc@0.73.2(@effect/platform@0.94.5(effect@3.21.2))(effect@3.21.2))(@effect/sql@0.49.0(@effect/experimental@0.58.0(@effect/platform@0.94.5(effect@3.21.2))(effect@3.21.2))(@effect/platform@0.94.5(effect@3.21.2))(effect@3.21.2))(@effect/workflow@0.16.0(@effect/experimental@0.58.0(@effect/platform@0.94.5(effect@3.21.2))(effect@3.21.2))(@effect/platform@0.94.5(effect@3.21.2))(@effect/rpc@0.73.2(@effect/platform@0.94.5(effect@3.21.2))(effect@3.21.2))(effect@3.21.2))(effect@3.21.2))(@effect/platform@0.94.5(effect@3.21.2))(@effect/rpc@0.73.2(@effect/platform@0.94.5(effect@3.21.2))(effect@3.21.2))(@effect/sql@0.49.0(@effect/experimental@0.58.0(@effect/platform@0.94.5(effect@3.21.2))(effect@3.21.2))(@effect/platform@0.94.5(effect@3.21.2))(effect@3.21.2))(effect@3.21.2)
      '@effect/rpc': 0.73.2(@effect/platform@0.94.5(effect@3.21.2))(effect@3.21.2)
      '@effect/sql': 0.49.0(@effect/experimental@0.58.0(@effect/platform@0.94.5(effect@3.21.2))(effect@3.21.2))(@effect/platform@0.94.5(effect@3.21.2))(effect@3.21.2)
      effect: 3.21.2
      mime: 3.0.0
      undici: 7.27.0
      ws: 8.21.0
    transitivePeerDependencies:
      - bufferutil
      - utf-8-validate

  '@effect/platform@0.94.5(effect@3.21.2)':
    dependencies:
      effect: 3.21.2
      find-my-way-ts: 0.1.6
      msgpackr: 1.11.12
      multipasta: 0.2.7

  '@effect/rpc@0.73.2(@effect/platform@0.94.5(effect@3.21.2))(effect@3.21.2)':
    dependencies:
      '@effect/platform': 0.94.5(effect@3.21.2)
      effect: 3.21.2
      msgpackr: 1.11.12

  '@effect/sql@0.49.0(@effect/experimental@0.58.0(@effect/platform@0.94.5(effect@3.21.2))(effect@3.21.2))(@effect/platform@0.94.5(effect@3.21.2))(effect@3.21.2)':
    dependencies:
      '@effect/experimental': 0.58.0(@effect/platform@0.94.5(effect@3.21.2))(effect@3.21.2)
      '@effect/platform': 0.94.5(effect@3.21.2)
      effect: 3.21.2
      uuid: 11.1.1

  '@effect/workflow@0.16.0(@effect/experimental@0.58.0(@effect/platform@0.94.5(effect@3.21.2))(effect@3.21.2))(@effect/platform@0.94.5(effect@3.21.2))(@effect/rpc@0.73.2(@effect/platform@0.94.5(effect@3.21.2))(effect@3.21.2))(effect@3.21.2)':
    dependencies:
      '@effect/experimental': 0.58.0(@effect/platform@0.94.5(effect@3.21.2))(effect@3.21.2)
      '@effect/platform': 0.94.5(effect@3.21.2)
      '@effect/rpc': 0.73.2(@effect/platform@0.94.5(effect@3.21.2))(effect@3.21.2)
      effect: 3.21.2

  '@msgpackr-extract/msgpackr-extract-darwin-arm64@3.0.4':
    optional: true

  '@msgpackr-extract/msgpackr-extract-darwin-x64@3.0.4':
    optional: true

  '@msgpackr-extract/msgpackr-extract-linux-arm64@3.0.4':
    optional: true

  '@msgpackr-extract/msgpackr-extract-linux-arm@3.0.4':
    optional: true

  '@msgpackr-extract/msgpackr-extract-linux-x64@3.0.4':
    optional: true

  '@msgpackr-extract/msgpackr-extract-win32-x64@3.0.4':
    optional: true

  '@opentelemetry/api@1.9.1': {}

  '@opentelemetry/core@2.7.1(@opentelemetry/api@1.9.1)':
    dependencies:
      '@opentelemetry/api': 1.9.1
      '@opentelemetry/semantic-conventions': 1.41.1

  '@opentelemetry/resources@2.7.1(@opentelemetry/api@1.9.1)':
    dependencies:
      '@opentelemetry/api': 1.9.1
      '@opentelemetry/core': 2.7.1(@opentelemetry/api@1.9.1)
      '@opentelemetry/semantic-conventions': 1.41.1

  '@opentelemetry/sdk-trace-base@2.7.1(@opentelemetry/api@1.9.1)':
    dependencies:
      '@opentelemetry/api': 1.9.1
      '@opentelemetry/core': 2.7.1(@opentelemetry/api@1.9.1)
      '@opentelemetry/resources': 2.7.1(@opentelemetry/api@1.9.1)
      '@opentelemetry/semantic-conventions': 1.41.1

  '@opentelemetry/semantic-conventions@1.41.1': {}

  '@parcel/watcher-android-arm64@2.5.6':
    optional: true

  '@parcel/watcher-darwin-arm64@2.5.6':
    optional: true

  '@parcel/watcher-darwin-x64@2.5.6':
    optional: true

  '@parcel/watcher-freebsd-x64@2.5.6':
    optional: true

  '@parcel/watcher-linux-arm-glibc@2.5.6':
    optional: true

  '@parcel/watcher-linux-arm-musl@2.5.6':
    optional: true

  '@parcel/watcher-linux-arm64-glibc@2.5.6':
    optional: true

  '@parcel/watcher-linux-arm64-musl@2.5.6':
    optional: true

  '@parcel/watcher-linux-x64-glibc@2.5.6':
    optional: true

  '@parcel/watcher-linux-x64-musl@2.5.6':
    optional: true

  '@parcel/watcher-win32-arm64@2.5.6':
    optional: true

  '@parcel/watcher-win32-ia32@2.5.6':
    optional: true

  '@parcel/watcher-win32-x64@2.5.6':
    optional: true

  '@parcel/watcher@2.5.6':
    dependencies:
      detect-libc: 2.1.2
      is-glob: 4.0.3
      node-addon-api: 7.1.1
      picomatch: 4.0.4
    optionalDependencies:
      '@parcel/watcher-android-arm64': 2.5.6
      '@parcel/watcher-darwin-arm64': 2.5.6
      '@parcel/watcher-darwin-x64': 2.5.6
      '@parcel/watcher-freebsd-x64': 2.5.6
      '@parcel/watcher-linux-arm-glibc': 2.5.6
      '@parcel/watcher-linux-arm-musl': 2.5.6
      '@parcel/watcher-linux-arm64-glibc': 2.5.6
      '@parcel/watcher-linux-arm64-musl': 2.5.6
      '@parcel/watcher-linux-x64-glibc': 2.5.6
      '@parcel/watcher-linux-x64-musl': 2.5.6
      '@parcel/watcher-win32-arm64': 2.5.6
      '@parcel/watcher-win32-ia32': 2.5.6
      '@parcel/watcher-win32-x64': 2.5.6

  '@playwright/test@1.56.1':
    dependencies:
      playwright: 1.56.1

  '@sentry-internal/browser-utils@10.56.0':
    dependencies:
      '@sentry/core': 10.56.0

  '@sentry-internal/feedback@10.56.0':
    dependencies:
      '@sentry/core': 10.56.0

  '@sentry-internal/replay-canvas@10.56.0':
    dependencies:
      '@sentry-internal/replay': 10.56.0
      '@sentry/core': 10.56.0

  '@sentry-internal/replay@10.56.0':
    dependencies:
      '@sentry-internal/browser-utils': 10.56.0
      '@sentry/core': 10.56.0

  '@sentry/browser@10.56.0':
    dependencies:
      '@sentry-internal/browser-utils': 10.56.0
      '@sentry-internal/feedback': 10.56.0
      '@sentry-internal/replay': 10.56.0
      '@sentry-internal/replay-canvas': 10.56.0
      '@sentry/core': 10.56.0

  '@sentry/core@10.56.0': {}

  '@sentry/effect@10.56.0(@opentelemetry/api@1.9.1)(@opentelemetry/core@2.7.1(@opentelemetry/api@1.9.1))(@opentelemetry/sdk-trace-base@2.7.1(@opentelemetry/api@1.9.1))(@opentelemetry/semantic-conventions@1.41.1)(effect@3.21.2)':
    dependencies:
      '@sentry/browser': 10.56.0
      '@sentry/core': 10.56.0
      '@sentry/node-core': 10.56.0(@opentelemetry/api@1.9.1)(@opentelemetry/core@2.7.1(@opentelemetry/api@1.9.1))(@opentelemetry/sdk-trace-base@2.7.1(@opentelemetry/api@1.9.1))(@opentelemetry/semantic-conventions@1.41.1)
      effect: 3.21.2
    transitivePeerDependencies:
      - '@opentelemetry/api'
      - '@opentelemetry/core'
      - '@opentelemetry/exporter-trace-otlp-http'
      - '@opentelemetry/instrumentation'
      - '@opentelemetry/sdk-trace-base'
      - '@opentelemetry/semantic-conventions'

  '@sentry/node-core@10.56.0(@opentelemetry/api@1.9.1)(@opentelemetry/core@2.7.1(@opentelemetry/api@1.9.1))(@opentelemetry/sdk-trace-base@2.7.1(@opentelemetry/api@1.9.1))(@opentelemetry/semantic-conventions@1.41.1)':
    dependencies:
      '@sentry/core': 10.56.0
      '@sentry/opentelemetry': 10.56.0(@opentelemetry/api@1.9.1)(@opentelemetry/core@2.7.1(@opentelemetry/api@1.9.1))(@opentelemetry/sdk-trace-base@2.7.1(@opentelemetry/api@1.9.1))(@opentelemetry/semantic-conventions@1.41.1)
      import-in-the-middle: 3.0.1
    optionalDependencies:
      '@opentelemetry/api': 1.9.1
      '@opentelemetry/core': 2.7.1(@opentelemetry/api@1.9.1)
      '@opentelemetry/sdk-trace-base': 2.7.1(@opentelemetry/api@1.9.1)
      '@opentelemetry/semantic-conventions': 1.41.1

  '@sentry/opentelemetry@10.56.0(@opentelemetry/api@1.9.1)(@opentelemetry/core@2.7.1(@opentelemetry/api@1.9.1))(@opentelemetry/sdk-trace-base@2.7.1(@opentelemetry/api@1.9.1))(@opentelemetry/semantic-conventions@1.41.1)':
    dependencies:
      '@opentelemetry/api': 1.9.1
      '@opentelemetry/core': 2.7.1(@opentelemetry/api@1.9.1)
      '@opentelemetry/sdk-trace-base': 2.7.1(@opentelemetry/api@1.9.1)
      '@opentelemetry/semantic-conventions': 1.41.1
      '@sentry/core': 10.56.0

  '@standard-schema/spec@1.1.0': {}

  '@types/node@18.19.130':
    dependencies:
      undici-types: 5.26.5

  acorn-import-attributes@1.9.5(acorn@8.16.0):
    dependencies:
      acorn: 8.16.0

  acorn@8.16.0: {}

  cjs-module-lexer@2.2.0: {}

  detect-libc@2.1.2: {}

  effect@3.21.2:
    dependencies:
      '@standard-schema/spec': 1.1.0
      fast-check: 3.23.2

  fast-check@3.23.2:
    dependencies:
      pure-rand: 6.1.0

  find-my-way-ts@0.1.6: {}

  fsevents@2.3.2:
    optional: true

  import-in-the-middle@3.0.1:
    dependencies:
      acorn: 8.16.0
      acorn-import-attributes: 1.9.5(acorn@8.16.0)
      cjs-module-lexer: 2.2.0
      module-details-from-path: 1.0.4

  is-extglob@2.1.1: {}

  is-glob@4.0.3:
    dependencies:
      is-extglob: 2.1.1

  kubernetes-types@1.30.0: {}

  mime@3.0.0: {}

  module-details-from-path@1.0.4: {}

  msgpackr-extract@3.0.4:
    dependencies:
      node-gyp-build-optional-packages: 5.2.2
    optionalDependencies:
      '@msgpackr-extract/msgpackr-extract-darwin-arm64': 3.0.4
      '@msgpackr-extract/msgpackr-extract-darwin-x64': 3.0.4
      '@msgpackr-extract/msgpackr-extract-linux-arm': 3.0.4
      '@msgpackr-extract/msgpackr-extract-linux-arm64': 3.0.4
      '@msgpackr-extract/msgpackr-extract-linux-x64': 3.0.4
      '@msgpackr-extract/msgpackr-extract-win32-x64': 3.0.4
    optional: true

  msgpackr@1.11.12:
    optionalDependencies:
      msgpackr-extract: 3.0.4

  multipasta@0.2.7: {}

  node-addon-api@7.1.1: {}

  node-gyp-build-optional-packages@5.2.2:
    dependencies:
      detect-libc: 2.1.2
    optional: true

  picomatch@4.0.4: {}

  playwright-core@1.56.1: {}

  playwright@1.56.1:
    dependencies:
      playwright-core: 1.56.1
    optionalDependencies:
      fsevents: 2.3.2

  pure-rand@6.1.0: {}

  typescript@5.0.4: {}

  undici-types@5.26.5: {}

  undici@7.27.0: {}

  uuid@11.1.1: {}

  ws@8.21.0: {}
