# Auto-generated by dotagents. Do not edit.
version = 1

[skills.add-ai-integration]
source = "path:.agents/skills/add-ai-integration"
integrity = "sha256-SeiCrBERUYVkBOk1jWLhlXHaT9Mk+NnO0WXDV5J0h2k="

[skills.add-cdn-bundle]
source = "path:.agents/skills/add-cdn-bundle"
integrity = "sha256-EWfTlMvQtawp0i453jhIozX6pGNld+5fKXwMHhIa1KQ="

[skills.dotagents]
source = "getsentry/dotagents"
resolved_url = "https://github.com/getsentry/dotagents.git"
resolved_path = "skills/dotagents"
commit = "84ec01d363fdd50b47f2baefed742d27a564c210"
integrity = "sha256-bVx96wBmjIF6NPfPH7GMDWUJLulbAHWZhRWi1UAZ6Ws="

[skills.e2e]
source = "path:.agents/skills/e2e"
integrity = "sha256-gLpUR6Ymomy6fZoJuEqPkFbjCz+ihiBWXWgQq/a/4RQ="

[skills.fix-security-vulnerability]
source = "path:.agents/skills/fix-security-vulnerability"
integrity = "sha256-J5OmnVv+u8fjERNeDkaxgLuM3c/rrHKfpEe9gIedeZk="

[skills.release]
source = "path:.agents/skills/release"
integrity = "sha256-/5xBn5M/VGzyi18Q1Llui5aASIsYsvE7sdMSUf1dm4Q="

[skills.triage-issue]
source = "path:.agents/skills/triage-issue"
integrity = "sha256-Oxwx2zTEr0UY3JnOw7l0O2pa7/CunntqZTUtSeWJvh0="

[skills.upgrade-dep]
source = "path:.agents/skills/upgrade-dep"
integrity = "sha256-IMo0XcsfNtduSQzNZLsrXD/Qg0aE6loetoM0qIqYatA="

[skills.upgrade-otel]
source = "path:.agents/skills/upgrade-otel"
integrity = "sha256-PnfUymsVK2zWTGNPOvL2XkIXLWta0RpVTVDcvQC5q8w="

[skills.skill-scanner]
source = "getsentry/skills"
resolved_url = "https://github.com/getsentry/skills.git"
resolved_path = ".agents/skills/skill-scanner"
commit = "b68ac5ce82c981ac3235dd6f2037c1109baaf0f2"
integrity = "sha256-IleKDxGpne+9g/048+q4wBv7MkfZPIYFX78TnLjeGyQ="
