{
  "version": "v1",
  "packages": {
    "@sentry/node": {
      "signature": "fdee85f9c066418865de6221a8dc7314",
      "file": true,
      "replaced": "8.25.0"
    },
    "@sentry/core": {
      "signature": "b63046016939e0e6e9861c3fe8b39843",
      "file": true
    },
    "@sentry/types": {
      "signature": "091747500ba09e4fef7b4e461001fdbf",
      "file": true,
      "replaced": "8.25.0"
    },
    "@sentry/utils": {
      "signature": "eb0f51315465ec6df6c436ceddac5cbd",
      "file": true,
      "replaced": "8.25.0"
    }
  }
}