# THIS IS AN AUTOGENERATED FILE. DO NOT EDIT THIS FILE DIRECTLY.
# yarn lockfile v1


"@opentelemetry/api-logs@0.52.1":
  version "0.52.1"
  resolved "https://registry.yarnpkg.com/@opentelemetry/api-logs/-/api-logs-0.52.1.tgz#52906375da4d64c206b0c4cb8ffa209214654ecc"
  integrity sha512-qnSqB2DQ9TPP96dl8cDubDvrUyWc0/sK81xHTK8eSUspzDM3bsewX903qclQFvVhgStjRWdC5bLb3kQqMkfV5A==
  dependencies:
    "@opentelemetry/api" "^1.0.0"

"@opentelemetry/api-logs@0.53.0":
  version "0.53.0"
  resolved "https://registry.yarnpkg.com/@opentelemetry/api-logs/-/api-logs-0.53.0.tgz#c478cbd8120ec2547b64edfa03a552cfe42170be"
  integrity sha512-8HArjKx+RaAI8uEIgcORbZIPklyh1YLjPSBus8hjRmvLi6DeFzgOcdZ7KwPabKj8mXF8dX0hyfAyGfycz0DbFw==
  dependencies:
    "@opentelemetry/api" "^1.0.0"

"@opentelemetry/api@^1.0.0", "@opentelemetry/api@^1.8", "@opentelemetry/api@^1.9.0":
  version "1.9.0"
  resolved "https://registry.yarnpkg.com/@opentelemetry/api/-/api-1.9.0.tgz#d03eba68273dc0f7509e2a3d5cba21eae10379fe"
  integrity sha512-3giAOQvZiH5F9bMlMiv8+GSPMeqg0dbaeo58/0SlA9sxSqZhnUtxzX9/2FzyhS9sWQf5S0GJE0AKBrFqjpeYcg==

"@opentelemetry/context-async-hooks@^1.25.1":
  version "1.26.0"
  resolved "https://registry.yarnpkg.com/@opentelemetry/context-async-hooks/-/context-async-hooks-1.26.0.tgz#fa92f722cf685685334bba95f258d3ef9fce60f6"
  integrity sha512-HedpXXYzzbaoutw6DFLWLDket2FwLkLpil4hGCZ1xYEIMTcivdfwEOISgdbLEWyG3HW52gTq2V9mOVJrONgiwg==

"@opentelemetry/core@1.26.0", "@opentelemetry/core@^1.1.0", "@opentelemetry/core@^1.25.1", "@opentelemetry/core@^1.8.0":
  version "1.26.0"
  resolved "https://registry.yarnpkg.com/@opentelemetry/core/-/core-1.26.0.tgz#7d84265aaa850ed0ca5813f97d831155be42b328"
  integrity sha512-1iKxXXE8415Cdv0yjG3G6hQnB5eVEsJce3QaawX8SjDn0mAS0ZM8fAbZZJD4ajvhC15cePvosSCut404KrIIvQ==
  dependencies:
    "@opentelemetry/semantic-conventions" "1.27.0"

"@opentelemetry/instrumentation-amqplib@^0.42.0":
  version "0.42.0"
  resolved "https://registry.yarnpkg.com/@opentelemetry/instrumentation-amqplib/-/instrumentation-amqplib-0.42.0.tgz#b3cab5a7207736a30d769962eed3af3838f986c4"
  integrity sha512-fiuU6OKsqHJiydHWgTRQ7MnIrJ2lEqsdgFtNIH4LbAUJl/5XmrIeoDzDnox+hfkgWK65jsleFuQDtYb5hW1koQ==
  dependencies:
    "@opentelemetry/core" "^1.8.0"
    "@opentelemetry/instrumentation" "^0.53.0"
    "@opentelemetry/semantic-conventions" "^1.27.0"

"@opentelemetry/instrumentation-connect@0.39.0":
  version "0.39.0"
  resolved "https://registry.yarnpkg.com/@opentelemetry/instrumentation-connect/-/instrumentation-connect-0.39.0.tgz#32bdbaac464cba061c95df6c850ee81efdd86f8b"
  integrity sha512-pGBiKevLq7NNglMgqzmeKczF4XQMTOUOTkK8afRHMZMnrK3fcETyTH7lVaSozwiOM3Ws+SuEmXZT7DYrrhxGlg==
  dependencies:
    "@opentelemetry/core" "^1.8.0"
    "@opentelemetry/instrumentation" "^0.53.0"
    "@opentelemetry/semantic-conventions" "^1.27.0"
    "@types/connect" "3.4.36"

"@opentelemetry/instrumentation-dataloader@0.12.0":
  version "0.12.0"
  resolved "https://registry.yarnpkg.com/@opentelemetry/instrumentation-dataloader/-/instrumentation-dataloader-0.12.0.tgz#de03a3948dec4f15fed80aa424d6bd5d6a8d10c7"
  integrity sha512-pnPxatoFE0OXIZDQhL2okF//dmbiWFzcSc8pUg9TqofCLYZySSxDCgQc69CJBo5JnI3Gz1KP+mOjS4WAeRIH4g==
  dependencies:
    "@opentelemetry/instrumentation" "^0.53.0"

"@opentelemetry/instrumentation-express@0.42.0":
  version "0.42.0"
  resolved "https://registry.yarnpkg.com/@opentelemetry/instrumentation-express/-/instrumentation-express-0.42.0.tgz#279f195aa66baee2b98623a16666c6229c8e7564"
  integrity sha512-YNcy7ZfGnLsVEqGXQPT+S0G1AE46N21ORY7i7yUQyfhGAL4RBjnZUqefMI0NwqIl6nGbr1IpF0rZGoN8Q7x12Q==
  dependencies:
    "@opentelemetry/core" "^1.8.0"
    "@opentelemetry/instrumentation" "^0.53.0"
    "@opentelemetry/semantic-conventions" "^1.27.0"

"@opentelemetry/instrumentation-fastify@0.39.0":
  version "0.39.0"
  resolved "https://registry.yarnpkg.com/@opentelemetry/instrumentation-fastify/-/instrumentation-fastify-0.39.0.tgz#96a040e4944daf77c53a8fe5a128bc3b2568e4aa"
  integrity sha512-SS9uSlKcsWZabhBp2szErkeuuBDgxOUlllwkS92dVaWRnMmwysPhcEgHKB8rUe3BHg/GnZC1eo1hbTZv4YhfoA==
  dependencies:
    "@opentelemetry/core" "^1.8.0"
    "@opentelemetry/instrumentation" "^0.53.0"
    "@opentelemetry/semantic-conventions" "^1.27.0"

"@opentelemetry/instrumentation-fs@0.15.0":
  version "0.15.0"
  resolved "https://registry.yarnpkg.com/@opentelemetry/instrumentation-fs/-/instrumentation-fs-0.15.0.tgz#41658507860f39fee5209bca961cea8d24ca2a83"
  integrity sha512-JWVKdNLpu1skqZQA//jKOcKdJC66TWKqa2FUFq70rKohvaSq47pmXlnabNO+B/BvLfmidfiaN35XakT5RyMl2Q==
  dependencies:
    "@opentelemetry/core" "^1.8.0"
    "@opentelemetry/instrumentation" "^0.53.0"

"@opentelemetry/instrumentation-generic-pool@0.39.0":
  version "0.39.0"
  resolved "https://registry.yarnpkg.com/@opentelemetry/instrumentation-generic-pool/-/instrumentation-generic-pool-0.39.0.tgz#2b9af16ad82d5cbe67125c0125753cecd162a728"
  integrity sha512-y4v8Y+tSfRB3NNBvHjbjrn7rX/7sdARG7FuK6zR8PGb28CTa0kHpEGCJqvL9L8xkTNvTXo+lM36ajFGUaK1aNw==
  dependencies:
    "@opentelemetry/instrumentation" "^0.53.0"

"@opentelemetry/instrumentation-graphql@0.43.0":
  version "0.43.0"
  resolved "https://registry.yarnpkg.com/@opentelemetry/instrumentation-graphql/-/instrumentation-graphql-0.43.0.tgz#71bb94ea775c70dbd388c739b397ec1418f3f170"
  integrity sha512-aI3YMmC2McGd8KW5du1a2gBA0iOMOGLqg4s9YjzwbjFwjlmMNFSK1P3AIg374GWg823RPUGfVTIgZ/juk9CVOA==
  dependencies:
    "@opentelemetry/instrumentation" "^0.53.0"

"@opentelemetry/instrumentation-hapi@0.41.0":
  version "0.41.0"
  resolved "https://registry.yarnpkg.com/@opentelemetry/instrumentation-hapi/-/instrumentation-hapi-0.41.0.tgz#de8711907256d8fae1b5faf71fc825cef4a7ddbb"
  integrity sha512-jKDrxPNXDByPlYcMdZjNPYCvw0SQJjN+B1A+QH+sx+sAHsKSAf9hwFiJSrI6C4XdOls43V/f/fkp9ITkHhKFbQ==
  dependencies:
    "@opentelemetry/core" "^1.8.0"
    "@opentelemetry/instrumentation" "^0.53.0"
    "@opentelemetry/semantic-conventions" "^1.27.0"

"@opentelemetry/instrumentation-http@0.53.0":
  version "0.53.0"
  resolved "https://registry.yarnpkg.com/@opentelemetry/instrumentation-http/-/instrumentation-http-0.53.0.tgz#0d806adf1b3aba036bc46e16162e3c0dbb8a6b60"
  integrity sha512-H74ErMeDuZfj7KgYCTOFGWF5W9AfaPnqLQQxeFq85+D29wwV2yqHbz2IKLYpkOh7EI6QwDEl7rZCIxjJLyc/CQ==
  dependencies:
    "@opentelemetry/core" "1.26.0"
    "@opentelemetry/instrumentation" "0.53.0"
    "@opentelemetry/semantic-conventions" "1.27.0"
    semver "^7.5.2"

"@opentelemetry/instrumentation-ioredis@0.43.0":
  version "0.43.0"
  resolved "https://registry.yarnpkg.com/@opentelemetry/instrumentation-ioredis/-/instrumentation-ioredis-0.43.0.tgz#dbadabaeefc4cb47c406f878444f1bcac774fa89"
  integrity sha512-i3Dke/LdhZbiUAEImmRG3i7Dimm/BD7t8pDDzwepSvIQ6s2X6FPia7561gw+64w+nx0+G9X14D7rEfaMEmmjig==
  dependencies:
    "@opentelemetry/instrumentation" "^0.53.0"
    "@opentelemetry/redis-common" "^0.36.2"
    "@opentelemetry/semantic-conventions" "^1.27.0"

"@opentelemetry/instrumentation-kafkajs@0.3.0":
  version "0.3.0"
  resolved "https://registry.yarnpkg.com/@opentelemetry/instrumentation-kafkajs/-/instrumentation-kafkajs-0.3.0.tgz#6687bce4dac8b90ef8ccbf1b662d5d1e95a34414"
  integrity sha512-UnkZueYK1ise8FXQeKlpBd7YYUtC7mM8J0wzUSccEfc/G8UqHQqAzIyYCUOUPUKp8GsjLnWOOK/3hJc4owb7Jg==
  dependencies:
    "@opentelemetry/instrumentation" "^0.53.0"
    "@opentelemetry/semantic-conventions" "^1.27.0"

"@opentelemetry/instrumentation-koa@0.43.0":
  version "0.43.0"
  resolved "https://registry.yarnpkg.com/@opentelemetry/instrumentation-koa/-/instrumentation-koa-0.43.0.tgz#963fd192a1b5f6cbae5dabf4ec82e3105cbb23b1"
  integrity sha512-lDAhSnmoTIN6ELKmLJBplXzT/Jqs5jGZehuG22EdSMaTwgjMpxMDI1YtlKEhiWPWkrz5LUsd0aOO0ZRc9vn3AQ==
  dependencies:
    "@opentelemetry/core" "^1.8.0"
    "@opentelemetry/instrumentation" "^0.53.0"
    "@opentelemetry/semantic-conventions" "^1.27.0"

"@opentelemetry/instrumentation-lru-memoizer@0.40.0":
  version "0.40.0"
  resolved "https://registry.yarnpkg.com/@opentelemetry/instrumentation-lru-memoizer/-/instrumentation-lru-memoizer-0.40.0.tgz#dc60d7fdfd2a0c681cb23e7ed4f314d1506ccdc0"
  integrity sha512-21xRwZsEdMPnROu/QsaOIODmzw59IYpGFmuC4aFWvMj6stA8+Ei1tX67nkarJttlNjoM94um0N4X26AD7ff54A==
  dependencies:
    "@opentelemetry/instrumentation" "^0.53.0"

"@opentelemetry/instrumentation-mongodb@0.47.0":
  version "0.47.0"
  resolved "https://registry.yarnpkg.com/@opentelemetry/instrumentation-mongodb/-/instrumentation-mongodb-0.47.0.tgz#f8107d878281433905e717f223fb4c0f10356a7b"
  integrity sha512-yqyXRx2SulEURjgOQyJzhCECSh5i1uM49NUaq9TqLd6fA7g26OahyJfsr9NE38HFqGRHpi4loyrnfYGdrsoVjQ==
  dependencies:
    "@opentelemetry/instrumentation" "^0.53.0"
    "@opentelemetry/sdk-metrics" "^1.9.1"
    "@opentelemetry/semantic-conventions" "^1.27.0"

"@opentelemetry/instrumentation-mongoose@0.42.0":
  version "0.42.0"
  resolved "https://registry.yarnpkg.com/@opentelemetry/instrumentation-mongoose/-/instrumentation-mongoose-0.42.0.tgz#375afd21adfcd897a8f521c1ffd2d91e6a428705"
  integrity sha512-AnWv+RaR86uG3qNEMwt3plKX1ueRM7AspfszJYVkvkehiicC3bHQA6vWdb6Zvy5HAE14RyFbu9+2hUUjR2NSyg==
  dependencies:
    "@opentelemetry/core" "^1.8.0"
    "@opentelemetry/instrumentation" "^0.53.0"
    "@opentelemetry/semantic-conventions" "^1.27.0"

"@opentelemetry/instrumentation-mysql2@0.41.0":
  version "0.41.0"
  resolved "https://registry.yarnpkg.com/@opentelemetry/instrumentation-mysql2/-/instrumentation-mysql2-0.41.0.tgz#6377b6e2d2487fd88e1d79aa03658db6c8d51651"
  integrity sha512-REQB0x+IzVTpoNgVmy5b+UnH1/mDByrneimP6sbDHkp1j8QOl1HyWOrBH/6YWR0nrbU3l825Em5PlybjT3232g==
  dependencies:
    "@opentelemetry/instrumentation" "^0.53.0"
    "@opentelemetry/semantic-conventions" "^1.27.0"
    "@opentelemetry/sql-common" "^0.40.1"

"@opentelemetry/instrumentation-mysql@0.41.0":
  version "0.41.0"
  resolved "https://registry.yarnpkg.com/@opentelemetry/instrumentation-mysql/-/instrumentation-mysql-0.41.0.tgz#2d50691ead5219774bd36d66c35d5b4681485dd7"
  integrity sha512-jnvrV6BsQWyHS2qb2fkfbfSb1R/lmYwqEZITwufuRl37apTopswu9izc0b1CYRp/34tUG/4k/V39PND6eyiNvw==
  dependencies:
    "@opentelemetry/instrumentation" "^0.53.0"
    "@opentelemetry/semantic-conventions" "^1.27.0"
    "@types/mysql" "2.15.26"

"@opentelemetry/instrumentation-nestjs-core@0.40.0":
  version "0.40.0"
  resolved "https://registry.yarnpkg.com/@opentelemetry/instrumentation-nestjs-core/-/instrumentation-nestjs-core-0.40.0.tgz#2c0e6405b56caaec32747d55c57ff9a034668ea8"
  integrity sha512-WF1hCUed07vKmf5BzEkL0wSPinqJgH7kGzOjjMAiTGacofNXjb/y4KQ8loj2sNsh5C/NN7s1zxQuCgbWbVTGKg==
  dependencies:
    "@opentelemetry/instrumentation" "^0.53.0"
    "@opentelemetry/semantic-conventions" "^1.27.0"

"@opentelemetry/instrumentation-pg@0.44.0":
  version "0.44.0"
  resolved "https://registry.yarnpkg.com/@opentelemetry/instrumentation-pg/-/instrumentation-pg-0.44.0.tgz#1e97a0aeb2dca068ee23ce75884a0a0063a7ce3f"
  integrity sha512-oTWVyzKqXud1BYEGX1loo2o4k4vaU1elr3vPO8NZolrBtFvQ34nx4HgUaexUDuEog00qQt+MLR5gws/p+JXMLQ==
  dependencies:
    "@opentelemetry/instrumentation" "^0.53.0"
    "@opentelemetry/semantic-conventions" "^1.27.0"
    "@opentelemetry/sql-common" "^0.40.1"
    "@types/pg" "8.6.1"
    "@types/pg-pool" "2.0.6"

"@opentelemetry/instrumentation-redis-4@0.42.0":
  version "0.42.0"
  resolved "https://registry.yarnpkg.com/@opentelemetry/instrumentation-redis-4/-/instrumentation-redis-4-0.42.0.tgz#fc01104cfe884c7546385eaae03c57a47edd19d1"
  integrity sha512-NaD+t2JNcOzX/Qa7kMy68JbmoVIV37fT/fJYzLKu2Wwd+0NCxt+K2OOsOakA8GVg8lSpFdbx4V/suzZZ2Pvdjg==
  dependencies:
    "@opentelemetry/instrumentation" "^0.53.0"
    "@opentelemetry/redis-common" "^0.36.2"
    "@opentelemetry/semantic-conventions" "^1.27.0"

"@opentelemetry/instrumentation-undici@0.6.0":
  version "0.6.0"
  resolved "https://registry.yarnpkg.com/@opentelemetry/instrumentation-undici/-/instrumentation-undici-0.6.0.tgz#9436ee155c8dcb0b760b66947c0e0f347688a5ef"
  integrity sha512-ABJBhm5OdhGmbh0S/fOTE4N69IZ00CsHC5ijMYfzbw3E5NwLgpQk5xsljaECrJ8wz1SfXbO03FiSuu5AyRAkvQ==
  dependencies:
    "@opentelemetry/core" "^1.8.0"
    "@opentelemetry/instrumentation" "^0.53.0"

"@opentelemetry/instrumentation@0.53.0", "@opentelemetry/instrumentation@^0.53.0":
  version "0.53.0"
  resolved "https://registry.yarnpkg.com/@opentelemetry/instrumentation/-/instrumentation-0.53.0.tgz#e6369e4015eb5112468a4d45d38dcada7dad892d"
  integrity sha512-DMwg0hy4wzf7K73JJtl95m/e0boSoWhH07rfvHvYzQtBD3Bmv0Wc1x733vyZBqmFm8OjJD0/pfiUg1W3JjFX0A==
  dependencies:
    "@opentelemetry/api-logs" "0.53.0"
    "@types/shimmer" "^1.2.0"
    import-in-the-middle "^1.8.1"
    require-in-the-middle "^7.1.1"
    semver "^7.5.2"
    shimmer "^1.2.1"

"@opentelemetry/instrumentation@^0.49 || ^0.50 || ^0.51 || ^0.52.0":
  version "0.52.1"
  resolved "https://registry.yarnpkg.com/@opentelemetry/instrumentation/-/instrumentation-0.52.1.tgz#2e7e46a38bd7afbf03cf688c862b0b43418b7f48"
  integrity sha512-uXJbYU/5/MBHjMp1FqrILLRuiJCs3Ofk0MeRDk8g1S1gD47U8X3JnSwcMO1rtRo1x1a7zKaQHaoYu49p/4eSKw==
  dependencies:
    "@opentelemetry/api-logs" "0.52.1"
    "@types/shimmer" "^1.0.2"
    import-in-the-middle "^1.8.1"
    require-in-the-middle "^7.1.1"
    semver "^7.5.2"
    shimmer "^1.2.1"

"@opentelemetry/redis-common@^0.36.2":
  version "0.36.2"
  resolved "https://registry.yarnpkg.com/@opentelemetry/redis-common/-/redis-common-0.36.2.tgz#906ac8e4d804d4109f3ebd5c224ac988276fdc47"
  integrity sha512-faYX1N0gpLhej/6nyp6bgRjzAKXn5GOEMYY7YhciSfCoITAktLUtQ36d24QEWNA1/WA1y6qQunCe0OhHRkVl9g==

"@opentelemetry/resources@1.26.0", "@opentelemetry/resources@^1.26.0":
  version "1.26.0"
  resolved "https://registry.yarnpkg.com/@opentelemetry/resources/-/resources-1.26.0.tgz#da4c7366018bd8add1f3aa9c91c6ac59fd503cef"
  integrity sha512-CPNYchBE7MBecCSVy0HKpUISEeJOniWqcHaAHpmasZ3j9o6V3AyBzhRc90jdmemq0HOxDr6ylhUbDhBqqPpeNw==
  dependencies:
    "@opentelemetry/core" "1.26.0"
    "@opentelemetry/semantic-conventions" "1.27.0"

"@opentelemetry/sdk-metrics@^1.9.1":
  version "1.26.0"
  resolved "https://registry.yarnpkg.com/@opentelemetry/sdk-metrics/-/sdk-metrics-1.26.0.tgz#37bb0afb1d4447f50aab9cdd05db6f2d8b86103e"
  integrity sha512-0SvDXmou/JjzSDOjUmetAAvcKQW6ZrvosU0rkbDGpXvvZN+pQF6JbK/Kd4hNdK4q/22yeruqvukXEJyySTzyTQ==
  dependencies:
    "@opentelemetry/core" "1.26.0"
    "@opentelemetry/resources" "1.26.0"

"@opentelemetry/sdk-trace-base@^1.22", "@opentelemetry/sdk-trace-base@^1.26.0":
  version "1.26.0"
  resolved "https://registry.yarnpkg.com/@opentelemetry/sdk-trace-base/-/sdk-trace-base-1.26.0.tgz#0c913bc6d2cfafd901de330e4540952269ae579c"
  integrity sha512-olWQldtvbK4v22ymrKLbIcBi9L2SpMO84sCPY54IVsJhP9fRsxJT194C/AVaAuJzLE30EdhhM1VmvVYR7az+cw==
  dependencies:
    "@opentelemetry/core" "1.26.0"
    "@opentelemetry/resources" "1.26.0"
    "@opentelemetry/semantic-conventions" "1.27.0"

"@opentelemetry/semantic-conventions@1.27.0", "@opentelemetry/semantic-conventions@^1.27.0":
  version "1.27.0"
  resolved "https://registry.yarnpkg.com/@opentelemetry/semantic-conventions/-/semantic-conventions-1.27.0.tgz#1a857dcc95a5ab30122e04417148211e6f945e6c"
  integrity sha512-sAay1RrB+ONOem0OZanAR1ZI/k7yDpnOQSQmTMuGImUQb2y8EbSaCJ94FQluM74xoU03vlb2d2U90hZluL6nQg==

"@opentelemetry/sql-common@^0.40.1":
  version "0.40.1"
  resolved "https://registry.yarnpkg.com/@opentelemetry/sql-common/-/sql-common-0.40.1.tgz#93fbc48d8017449f5b3c3274f2268a08af2b83b6"
  integrity sha512-nSDlnHSqzC3pXn/wZEZVLuAuJ1MYMXPBwtv2qAbCa3847SaHItdE7SzUq/Jtb0KZmh1zfAbNi3AAMjztTT4Ugg==
  dependencies:
    "@opentelemetry/core" "^1.1.0"

"@playwright/test@^1.44.1":
  version "1.48.1"
  resolved "https://registry.yarnpkg.com/@playwright/test/-/test-1.48.1.tgz#343e710fcf2e559529e3ec8d7782e09f325b9396"
  integrity sha512-s9RtWoxkOLmRJdw3oFvhFbs9OJS0BzrLUc8Hf6l2UdCNd1rqeEyD4BhCJkvzeEoD1FsK4mirsWwGerhVmYKtZg==
  dependencies:
    playwright "1.48.1"

"@prisma/instrumentation@5.19.1":
  version "5.19.1"
  resolved "https://registry.yarnpkg.com/@prisma/instrumentation/-/instrumentation-5.19.1.tgz#146319cf85f22b7a43296f0f40cfeac55516e66e"
  integrity sha512-VLnzMQq7CWroL5AeaW0Py2huiNKeoMfCH3SUxstdzPrlWQi6UQ9UrfcbUkNHlVFqOMacqy8X/8YtE0kuKDpD9w==
  dependencies:
    "@opentelemetry/api" "^1.8"
    "@opentelemetry/instrumentation" "^0.49 || ^0.50 || ^0.51 || ^0.52.0"
    "@opentelemetry/sdk-trace-base" "^1.22"

"@sentry-internal/test-utils@link:../../../test-utils":
  version "0.0.0"
  uid ""

"@sentry/core@8.34.0", "@sentry/core@latest || *":
  version "8.34.0"
  resolved "http://127.0.0.1:4873/@sentry/core/-/core-8.34.0.tgz#92efe1cc8ced843beee636c344e66086d8915563"
  integrity sha512-adrXCTK/zsg5pJ67lgtZqdqHvyx6etMjQW3P82NgWdj83c8fb+zH+K79Z47pD4zQjX0ou2Ws5nwwi4wJbz4bfA==
  dependencies:
    "@sentry/types" "8.34.0"
    "@sentry/utils" "8.34.0"

"@sentry/node@latest || *":
  version "8.34.0"
  resolved "http://127.0.0.1:4873/@sentry/node/-/node-8.34.0.tgz#3962dadd540e6f10c5b031d645e12d7ec7b8a4da"
  integrity sha512-PbsNftHexgR+XxKD7aJwuKzhzzl13k8QpC/H0r4IL3sjJROk1Upucconl61LOjsqkj/P8XKWks891o1r0YVK7w==
  dependencies:
    "@opentelemetry/api" "^1.9.0"
    "@opentelemetry/context-async-hooks" "^1.25.1"
    "@opentelemetry/core" "^1.25.1"
    "@opentelemetry/instrumentation" "^0.53.0"
    "@opentelemetry/instrumentation-amqplib" "^0.42.0"
    "@opentelemetry/instrumentation-connect" "0.39.0"
    "@opentelemetry/instrumentation-dataloader" "0.12.0"
    "@opentelemetry/instrumentation-express" "0.42.0"
    "@opentelemetry/instrumentation-fastify" "0.39.0"
    "@opentelemetry/instrumentation-fs" "0.15.0"
    "@opentelemetry/instrumentation-generic-pool" "0.39.0"
    "@opentelemetry/instrumentation-graphql" "0.43.0"
    "@opentelemetry/instrumentation-hapi" "0.41.0"
    "@opentelemetry/instrumentation-http" "0.53.0"
    "@opentelemetry/instrumentation-ioredis" "0.43.0"
    "@opentelemetry/instrumentation-kafkajs" "0.3.0"
    "@opentelemetry/instrumentation-koa" "0.43.0"
    "@opentelemetry/instrumentation-lru-memoizer" "0.40.0"
    "@opentelemetry/instrumentation-mongodb" "0.47.0"
    "@opentelemetry/instrumentation-mongoose" "0.42.0"
    "@opentelemetry/instrumentation-mysql" "0.41.0"
    "@opentelemetry/instrumentation-mysql2" "0.41.0"
    "@opentelemetry/instrumentation-nestjs-core" "0.40.0"
    "@opentelemetry/instrumentation-pg" "0.44.0"
    "@opentelemetry/instrumentation-redis-4" "0.42.0"
    "@opentelemetry/instrumentation-undici" "0.6.0"
    "@opentelemetry/resources" "^1.26.0"
    "@opentelemetry/sdk-trace-base" "^1.26.0"
    "@opentelemetry/semantic-conventions" "^1.27.0"
    "@prisma/instrumentation" "5.19.1"
    "@sentry/core" "8.34.0"
    "@sentry/opentelemetry" "8.34.0"
    "@sentry/types" "8.34.0"
    "@sentry/utils" "8.34.0"
    import-in-the-middle "^1.11.0"

"@sentry/opentelemetry@8.34.0":
  version "8.34.0"
  resolved "http://127.0.0.1:4873/@sentry/opentelemetry/-/opentelemetry-8.34.0.tgz#2e4b264521610bf0fc9b5aaf908a49e07e93dc4d"
  integrity sha512-WS91L+HVKGVIzOgt0szGp+24iKOs86BZsAHGt0HWnMR4kqWP6Ak+TLvqWDCxnuzniZMxdewDGA8p5hrBAPsmsA==
  dependencies:
    "@sentry/core" "8.34.0"
    "@sentry/types" "8.34.0"
    "@sentry/utils" "8.34.0"

"@sentry/types@8.34.0", "@sentry/types@latest || *":
  version "8.34.0"
  resolved "http://127.0.0.1:4873/@sentry/types/-/types-8.34.0.tgz#b02da72d1be67df5246aa9a97ca661ee71569372"
  integrity sha512-zLRc60CzohGCo6zNsNeQ9JF3SiEeRE4aDCP9fDDdIVCOKovS+mn1rtSip0qd0Vp2fidOu0+2yY0ALCz1A3PJSQ==

"@sentry/utils@8.34.0":
  version "8.34.0"
  resolved "http://127.0.0.1:4873/@sentry/utils/-/utils-8.34.0.tgz#5ba543381a9de0ada1196df1fc5cde3b891de41e"
  integrity sha512-W1KoRlFUjprlh3t86DZPFxLfM6mzjRzshVfMY7vRlJFymBelJsnJ3A1lPeBZM9nCraOSiw6GtOWu6k5BAkiGIg==
  dependencies:
    "@sentry/types" "8.34.0"

"@types/connect@3.4.36":
  version "3.4.36"
  resolved "https://registry.yarnpkg.com/@types/connect/-/connect-3.4.36.tgz#e511558c15a39cb29bd5357eebb57bd1459cd1ab"
  integrity sha512-P63Zd/JUGq+PdrM1lv0Wv5SBYeA2+CORvbrXbngriYY0jzLUWfQMQQxOhjONEz/wlHOAxOdY7CY65rgQdTjq2w==
  dependencies:
    "@types/node" "*"

"@types/mysql@2.15.26":
  version "2.15.26"
  resolved "https://registry.yarnpkg.com/@types/mysql/-/mysql-2.15.26.tgz#f0de1484b9e2354d587e7d2bd17a873cc8300836"
  integrity sha512-DSLCOXhkvfS5WNNPbfn2KdICAmk8lLc+/PNvnPnF7gOdMZCxopXduqv0OQ13y/yA/zXTSikZZqVgybUxOEg6YQ==
  dependencies:
    "@types/node" "*"

"@types/node@*":
  version "22.7.7"
  resolved "https://registry.yarnpkg.com/@types/node/-/node-22.7.7.tgz#6cd9541c3dccb4f7e8b141b491443f4a1570e307"
  integrity sha512-SRxCrrg9CL/y54aiMCG3edPKdprgMVGDXjA3gB8UmmBW5TcXzRUYAh8EWzTnSJFAd1rgImPELza+A3bJ+qxz8Q==
  dependencies:
    undici-types "~6.19.2"

"@types/pg-pool@2.0.6":
  version "2.0.6"
  resolved "https://registry.yarnpkg.com/@types/pg-pool/-/pg-pool-2.0.6.tgz#1376d9dc5aec4bb2ec67ce28d7e9858227403c77"
  integrity sha512-TaAUE5rq2VQYxab5Ts7WZhKNmuN78Q6PiFonTDdpbx8a1H0M1vhy3rhiMjl+e2iHmogyMw7jZF4FrE6eJUy5HQ==
  dependencies:
    "@types/pg" "*"

"@types/pg@*":
  version "8.11.10"
  resolved "https://registry.yarnpkg.com/@types/pg/-/pg-8.11.10.tgz#b8fb2b2b759d452fe3ec182beadd382563b63291"
  integrity sha512-LczQUW4dbOQzsH2RQ5qoeJ6qJPdrcM/DcMLoqWQkMLMsq83J5lAX3LXjdkWdpscFy67JSOWDnh7Ny/sPFykmkg==
  dependencies:
    "@types/node" "*"
    pg-protocol "*"
    pg-types "^4.0.1"

"@types/pg@8.6.1":
  version "8.6.1"
  resolved "https://registry.yarnpkg.com/@types/pg/-/pg-8.6.1.tgz#099450b8dc977e8197a44f5229cedef95c8747f9"
  integrity sha512-1Kc4oAGzAl7uqUStZCDvaLFqZrW9qWSjXOmBfdgyBP5La7Us6Mg4GBvRlSoaZMhQF/zSj1C8CtKMBkoiT8eL8w==
  dependencies:
    "@types/node" "*"
    pg-protocol "*"
    pg-types "^2.2.0"

"@types/shimmer@^1.0.2", "@types/shimmer@^1.2.0":
  version "1.2.0"
  resolved "https://registry.yarnpkg.com/@types/shimmer/-/shimmer-1.2.0.tgz#9b706af96fa06416828842397a70dfbbf1c14ded"
  integrity sha512-UE7oxhQLLd9gub6JKIAhDq06T0F6FnztwMNRvYgjeQSBeMc1ZG/tA47EwfduvkuQS8apbkM/lpLpWsaCeYsXVg==

acorn-import-attributes@^1.9.5:
  version "1.9.5"
  resolved "https://registry.yarnpkg.com/acorn-import-attributes/-/acorn-import-attributes-1.9.5.tgz#7eb1557b1ba05ef18b5ed0ec67591bfab04688ef"
  integrity sha512-n02Vykv5uA3eHGM/Z2dQrcD56kL8TyDb2p1+0P83PClMnC/nc+anbQRhIOWnSq4Ke/KvDPrY3C9hDtC/A3eHnQ==

acorn@^8.8.2:
  version "8.13.0"
  resolved "https://registry.yarnpkg.com/acorn/-/acorn-8.13.0.tgz#2a30d670818ad16ddd6a35d3842dacec9e5d7ca3"
  integrity sha512-8zSiw54Oxrdym50NlZ9sUusyO1Z1ZchgRLWRaK6c86XJFClyCgFKetdowBg5bKxyp/u+CDBJG4Mpp0m3HLZl9w==

ansi-styles@^4.1.0:
  version "4.3.0"
  resolved "https://registry.yarnpkg.com/ansi-styles/-/ansi-styles-4.3.0.tgz#edd803628ae71c04c85ae7a0906edad34b648937"
  integrity sha512-zbB9rCJAT1rbjiVDb2hqKFHNYLxgtk8NURxZ3IZwD3F6NtxbXZQCnnSi1Lkx+IDohdPlFp222wVALIheZJQSEg==
  dependencies:
    color-convert "^2.0.1"

braces@^3.0.3:
  version "3.0.3"
  resolved "https://registry.yarnpkg.com/braces/-/braces-3.0.3.tgz#490332f40919452272d55a8480adc0c441358789"
  integrity sha512-yQbXgO/OSZVD2IsiLlro+7Hf6Q18EJrKSEsdoMzKePKXct3gvD8oLcOQdIzGupr5Fj+EDe8gO/lxc1BzfMpxvA==
  dependencies:
    fill-range "^7.1.1"

chalk@^4.1.0:
  version "4.1.2"
  resolved "https://registry.yarnpkg.com/chalk/-/chalk-4.1.2.tgz#aac4e2b7734a740867aeb16bf02aad556a1e7a01"
  integrity sha512-oKnbhFyRIXpUuez8iBMmyEa4nbj4IOQyuhc/wy9kY7/WVPcwIO9VA668Pu8RkO7+0G76SLROeyw9CpQ061i4mA==
  dependencies:
    ansi-styles "^4.1.0"
    supports-color "^7.1.0"

cjs-module-lexer@^1.2.2:
  version "1.4.1"
  resolved "https://registry.yarnpkg.com/cjs-module-lexer/-/cjs-module-lexer-1.4.1.tgz#707413784dbb3a72aa11c2f2b042a0bef4004170"
  integrity sha512-cuSVIHi9/9E/+821Qjdvngor+xpnlwnuwIyZOaLmHBVdXL+gP+I6QQB9VkO7RI77YIcTV+S1W9AreJ5eN63JBA==

color-convert@^2.0.1:
  version "2.0.1"
  resolved "https://registry.yarnpkg.com/color-convert/-/color-convert-2.0.1.tgz#72d3a68d598c9bdb3af2ad1e84f21d896abd4de3"
  integrity sha512-RRECPsj7iu/xb5oKYcsFHSppFNnsj/52OVTRKb4zP5onXwVF3zVmmToNcOfGC+CRDpfK/U584fMg38ZHCaElKQ==
  dependencies:
    color-name "~1.1.4"

color-name@~1.1.4:
  version "1.1.4"
  resolved "https://registry.yarnpkg.com/color-name/-/color-name-1.1.4.tgz#c2a09a87acbde69543de6f63fa3995c826c536a2"
  integrity sha512-dOy+3AuW3a2wNbZHIuMZpTcgjGuLU/uBL/ubcZF9OXbDo8ff4O8yVp5Bf0efS8uEoYo5q4Fx7dY9OgQGXgAsQA==

debug@^4.3.5:
  version "4.3.7"
  resolved "https://registry.yarnpkg.com/debug/-/debug-4.3.7.tgz#87945b4151a011d76d95a198d7111c865c360a52"
  integrity sha512-Er2nc/H7RrMXZBFCEim6TCmMk02Z8vLC2Rbi1KEBggpo0fS6l0S1nnapwmIi3yW/+GOJap1Krg4w0Hg80oCqgQ==
  dependencies:
    ms "^2.1.3"

dotenv@^16.4.5:
  version "16.4.5"
  resolved "https://registry.yarnpkg.com/dotenv/-/dotenv-16.4.5.tgz#cdd3b3b604cb327e286b4762e13502f717cb099f"
  integrity sha512-ZmdL2rui+eB2YwhsWzjInR8LldtZHGDoQ1ugH85ppHKwpUHL7j7rN0Ti9NCnGiQbhaZ11FpR+7ao1dNsmduNUg==

enhanced-resolve@^5.0.0:
  version "5.17.1"
  resolved "https://registry.yarnpkg.com/enhanced-resolve/-/enhanced-resolve-5.17.1.tgz#67bfbbcc2f81d511be77d686a90267ef7f898a15"
  integrity sha512-LMHl3dXhTcfv8gM4kEzIUeTQ+7fpdA0l2tUf34BddXPkz2A5xJ5L/Pchd5BL6rdccM9QGvu0sWZzK1Z1t4wwyg==
  dependencies:
    graceful-fs "^4.2.4"
    tapable "^2.2.0"

fill-range@^7.1.1:
  version "7.1.1"
  resolved "https://registry.yarnpkg.com/fill-range/-/fill-range-7.1.1.tgz#44265d3cac07e3ea7dc247516380643754a05292"
  integrity sha512-YsGpe3WHLK8ZYi4tWDg2Jy3ebRz2rXowDxnld4bkQB00cc/1Zw9AWnC0i9ztDJitivtQvaI9KaLyKrc+hBW0yg==
  dependencies:
    to-regex-range "^5.0.1"

fsevents@2.3.2:
  version "2.3.2"
  resolved "https://registry.yarnpkg.com/fsevents/-/fsevents-2.3.2.tgz#8a526f78b8fdf4623b709e0b975c52c24c02fd1a"
  integrity sha512-xiqMQR4xAeHTuB9uWm+fFRcIOgKBMiOBP+eXiyT7jsgVCq1bkVygt00oASowB7EdtpOHaaPgKt812P9ab+DDKA==

function-bind@^1.1.2:
  version "1.1.2"
  resolved "https://registry.yarnpkg.com/function-bind/-/function-bind-1.1.2.tgz#2c02d864d97f3ea6c8830c464cbd11ab6eab7a1c"
  integrity sha512-7XHNxH7qX9xG5mIwxkhumTox/MIRNcOgDrxWsMt2pAr23WHp6MrRlN7FBSFpCpr+oVO0F744iUgR82nJMfG2SA==

graceful-fs@^4.2.4:
  version "4.2.11"
  resolved "https://registry.yarnpkg.com/graceful-fs/-/graceful-fs-4.2.11.tgz#4183e4e8bf08bb6e05bbb2f7d2e0c8f712ca40e3"
  integrity sha512-RbJ5/jmFcNNCcDV5o9eTnBLJ/HszWV0P73bc+Ff4nS/rJj+YaS6IGyiOL0VoBYX+l1Wrl3k63h/KrH+nhJ0XvQ==

has-flag@^4.0.0:
  version "4.0.0"
  resolved "https://registry.yarnpkg.com/has-flag/-/has-flag-4.0.0.tgz#944771fd9c81c81265c4d6941860da06bb59479b"
  integrity sha512-EykJT/Q1KjTWctppgIAgfSO0tKVuZUjhgMr17kqTumMl6Afv3EISleU7qZUzoXDFTAHTDC4NOoG/ZxU3EvlMPQ==

hasown@^2.0.2:
  version "2.0.2"
  resolved "https://registry.yarnpkg.com/hasown/-/hasown-2.0.2.tgz#003eaf91be7adc372e84ec59dc37252cedb80003"
  integrity sha512-0hJU9SCPvmMzIBdZFqNPXWa6dqh7WdH0cII9y+CyS8rG3nL48Bclra9HmKhVVUHyPWNH5Y7xDwAB7bfgSjkUMQ==
  dependencies:
    function-bind "^1.1.2"

import-in-the-middle@^1.11.0, import-in-the-middle@^1.8.1:
  version "1.11.2"
  resolved "https://registry.yarnpkg.com/import-in-the-middle/-/import-in-the-middle-1.11.2.tgz#dd848e72b63ca6cd7c34df8b8d97fc9baee6174f"
  integrity sha512-gK6Rr6EykBcc6cVWRSBR5TWf8nn6hZMYSRYqCcHa0l0d1fPK7JSYo6+Mlmck76jIX9aL/IZ71c06U2VpFwl1zA==
  dependencies:
    acorn "^8.8.2"
    acorn-import-attributes "^1.9.5"
    cjs-module-lexer "^1.2.2"
    module-details-from-path "^1.0.3"

is-core-module@^2.13.0:
  version "2.15.1"
  resolved "https://registry.yarnpkg.com/is-core-module/-/is-core-module-2.15.1.tgz#a7363a25bee942fefab0de13bf6aa372c82dcc37"
  integrity sha512-z0vtXSwucUJtANQWldhbtbt7BnL0vxiFjIdDLAatwhDYty2bad6s+rijD6Ri4YuYJubLzIJLUidCh09e1djEVQ==
  dependencies:
    hasown "^2.0.2"

is-number@^7.0.0:
  version "7.0.0"
  resolved "https://registry.yarnpkg.com/is-number/-/is-number-7.0.0.tgz#7535345b896734d5f80c4d06c50955527a14f12b"
  integrity sha512-41Cifkg6e8TylSpdtTpeLVMqvSBEVzTttHvERD741+pnZ8ANv0004MRL43QKPDlK9cGvNp6NZWZUBlbGXYxxng==

json5@^2.2.2:
  version "2.2.3"
  resolved "https://registry.yarnpkg.com/json5/-/json5-2.2.3.tgz#78cd6f1a19bdc12b73db5ad0c61efd66c1e29283"
  integrity sha512-XmOWe7eyHYH14cLdVPoyg+GOH3rYX++KpzrylJwSW98t3Nk+U8XOl8FWKOgwtzdb8lXGf6zYwDUzeHMWfxasyg==

micromatch@^4.0.0:
  version "4.0.8"
  resolved "https://registry.yarnpkg.com/micromatch/-/micromatch-4.0.8.tgz#d66fa18f3a47076789320b9b1af32bd86d9fa202"
  integrity sha512-PXwfBhYu0hBCPw8Dn0E+WDYb7af3dSLVWKi3HGv84IdF4TyFoC0ysxFd0Goxw7nSv4T/PzEJQxsYsEiFCKo2BA==
  dependencies:
    braces "^3.0.3"
    picomatch "^2.3.1"

minimist@^1.2.6:
  version "1.2.8"
  resolved "https://registry.yarnpkg.com/minimist/-/minimist-1.2.8.tgz#c1a464e7693302e082a075cee0c057741ac4772c"
  integrity sha512-2yyAR8qBkN3YuheJanUpWC5U3bb5osDywNB8RzDVlDwDHbocAJveqqj1u8+SVD7jkWT4yvsHCpWqqWqAxb0zCA==

module-details-from-path@^1.0.3:
  version "1.0.3"
  resolved "https://registry.yarnpkg.com/module-details-from-path/-/module-details-from-path-1.0.3.tgz#114c949673e2a8a35e9d35788527aa37b679da2b"
  integrity sha512-ySViT69/76t8VhE1xXHK6Ch4NcDd26gx0MzKXLO+F7NOtnqH68d9zF94nT8ZWSxXh8ELOERsnJO/sWt1xZYw5A==

ms@^2.1.3:
  version "2.1.3"
  resolved "https://registry.yarnpkg.com/ms/-/ms-2.1.3.tgz#574c8138ce1d2b5861f0b44579dbadd60c6615b2"
  integrity sha512-6FlzubTLZG3J2a/NVCAleEhjzq5oxgHyaCU9yYXvcLsvoVaHJq/s5xXI6/XXP6tz7R9xAOtHnSO/tXtF3WRTlA==

obuf@~1.1.2:
  version "1.1.2"
  resolved "https://registry.yarnpkg.com/obuf/-/obuf-1.1.2.tgz#09bea3343d41859ebd446292d11c9d4db619084e"
  integrity sha512-PX1wu0AmAdPqOL1mWhqmlOd8kOIZQwGZw6rh7uby9fTc5lhaOWFLX3I6R1hrF9k3zUY40e6igsLGkDXK92LJNg==

path-parse@^1.0.7:
  version "1.0.7"
  resolved "https://registry.yarnpkg.com/path-parse/-/path-parse-1.0.7.tgz#fbc114b60ca42b30d9daf5858e4bd68bbedb6735"
  integrity sha512-LDJzPVEEEPR+y48z93A0Ed0yXb8pAByGWo/k5YYdYgpY2/2EsOsksJrq7lOHxryrVOn1ejG6oAp8ahvOIQD8sw==

pg-int8@1.0.1:
  version "1.0.1"
  resolved "https://registry.yarnpkg.com/pg-int8/-/pg-int8-1.0.1.tgz#943bd463bf5b71b4170115f80f8efc9a0c0eb78c"
  integrity sha512-WCtabS6t3c8SkpDBUlb1kjOs7l66xsGdKpIPZsg4wR+B3+u9UAum2odSsF9tnvxg80h4ZxLWMy4pRjOsFIqQpw==

pg-numeric@1.0.2:
  version "1.0.2"
  resolved "https://registry.yarnpkg.com/pg-numeric/-/pg-numeric-1.0.2.tgz#816d9a44026086ae8ae74839acd6a09b0636aa3a"
  integrity sha512-BM/Thnrw5jm2kKLE5uJkXqqExRUY/toLHda65XgFTBTFYZyopbKjBe29Ii3RbkvlsMoFwD+tHeGaCjjv0gHlyw==

pg-protocol@*:
  version "1.7.0"
  resolved "https://registry.yarnpkg.com/pg-protocol/-/pg-protocol-1.7.0.tgz#ec037c87c20515372692edac8b63cf4405448a93"
  integrity sha512-hTK/mE36i8fDDhgDFjy6xNOG+LCorxLG3WO17tku+ij6sVHXh1jQUJ8hYAnRhNla4QVD2H8er/FOjc/+EgC6yQ==

pg-types@^2.2.0:
  version "2.2.0"
  resolved "https://registry.yarnpkg.com/pg-types/-/pg-types-2.2.0.tgz#2d0250d636454f7cfa3b6ae0382fdfa8063254a3"
  integrity sha512-qTAAlrEsl8s4OiEQY69wDvcMIdQN6wdz5ojQiOy6YRMuynxenON0O5oCpJI6lshc6scgAY8qvJ2On/p+CXY0GA==
  dependencies:
    pg-int8 "1.0.1"
    postgres-array "~2.0.0"
    postgres-bytea "~1.0.0"
    postgres-date "~1.0.4"
    postgres-interval "^1.1.0"

pg-types@^4.0.1:
  version "4.0.2"
  resolved "https://registry.yarnpkg.com/pg-types/-/pg-types-4.0.2.tgz#399209a57c326f162461faa870145bb0f918b76d"
  integrity sha512-cRL3JpS3lKMGsKaWndugWQoLOCoP+Cic8oseVcbr0qhPzYD5DWXK+RZ9LY9wxRf7RQia4SCwQlXk0q6FCPrVng==
  dependencies:
    pg-int8 "1.0.1"
    pg-numeric "1.0.2"
    postgres-array "~3.0.1"
    postgres-bytea "~3.0.0"
    postgres-date "~2.1.0"
    postgres-interval "^3.0.0"
    postgres-range "^1.1.1"

picomatch@^2.3.1:
  version "2.3.1"
  resolved "https://registry.yarnpkg.com/picomatch/-/picomatch-2.3.1.tgz#3ba3833733646d9d3e4995946c1365a67fb07a42"
  integrity sha512-JU3teHTNjmE2VCGFzuY8EXzCDVwEqB2a8fsIvwaStHhAWJEeVd1o1QD80CU6+ZdEXXSLbSsuLwJjkCBWqRQUVA==

playwright-core@1.48.1:
  version "1.48.1"
  resolved "https://registry.yarnpkg.com/playwright-core/-/playwright-core-1.48.1.tgz#5fe28fb9a9326dae88d4608c35e819163cceeb23"
  integrity sha512-Yw/t4VAFX/bBr1OzwCuOMZkY1Cnb4z/doAFSwf4huqAGWmf9eMNjmK7NiOljCdLmxeRYcGPPmcDgU0zOlzP0YA==

playwright@1.48.1:
  version "1.48.1"
  resolved "https://registry.yarnpkg.com/playwright/-/playwright-1.48.1.tgz#2a920cfbec4572c84789e757d8b044baaed49435"
  integrity sha512-j8CiHW/V6HxmbntOfyB4+T/uk08tBy6ph0MpBXwuoofkSnLmlfdYNNkFTYD6ofzzlSqLA1fwH4vwvVFvJgLN0w==
  dependencies:
    playwright-core "1.48.1"
  optionalDependencies:
    fsevents "2.3.2"

postgres-array@~2.0.0:
  version "2.0.0"
  resolved "https://registry.yarnpkg.com/postgres-array/-/postgres-array-2.0.0.tgz#48f8fce054fbc69671999329b8834b772652d82e"
  integrity sha512-VpZrUqU5A69eQyW2c5CA1jtLecCsN2U/bD6VilrFDWq5+5UIEVO7nazS3TEcHf1zuPYO/sqGvUvW62g86RXZuA==

postgres-array@~3.0.1:
  version "3.0.2"
  resolved "https://registry.yarnpkg.com/postgres-array/-/postgres-array-3.0.2.tgz#68d6182cb0f7f152a7e60dc6a6889ed74b0a5f98"
  integrity sha512-6faShkdFugNQCLwucjPcY5ARoW1SlbnrZjmGl0IrrqewpvxvhSLHimCVzqeuULCbG0fQv7Dtk1yDbG3xv7Veog==

postgres-bytea@~1.0.0:
  version "1.0.0"
  resolved "https://registry.yarnpkg.com/postgres-bytea/-/postgres-bytea-1.0.0.tgz#027b533c0aa890e26d172d47cf9ccecc521acd35"
  integrity sha512-xy3pmLuQqRBZBXDULy7KbaitYqLcmxigw14Q5sj8QBVLqEwXfeybIKVWiqAXTlcvdvb0+xkOtDbfQMOf4lST1w==

postgres-bytea@~3.0.0:
  version "3.0.0"
  resolved "https://registry.yarnpkg.com/postgres-bytea/-/postgres-bytea-3.0.0.tgz#9048dc461ac7ba70a6a42d109221619ecd1cb089"
  integrity sha512-CNd4jim9RFPkObHSjVHlVrxoVQXz7quwNFpz7RY1okNNme49+sVyiTvTRobiLV548Hx/hb1BG+iE7h9493WzFw==
  dependencies:
    obuf "~1.1.2"

postgres-date@~1.0.4:
  version "1.0.7"
  resolved "https://registry.yarnpkg.com/postgres-date/-/postgres-date-1.0.7.tgz#51bc086006005e5061c591cee727f2531bf641a8"
  integrity sha512-suDmjLVQg78nMK2UZ454hAG+OAW+HQPZ6n++TNDUX+L0+uUlLywnoxJKDou51Zm+zTCjrCl0Nq6J9C5hP9vK/Q==

postgres-date@~2.1.0:
  version "2.1.0"
  resolved "https://registry.yarnpkg.com/postgres-date/-/postgres-date-2.1.0.tgz#b85d3c1fb6fb3c6c8db1e9942a13a3bf625189d0"
  integrity sha512-K7Juri8gtgXVcDfZttFKVmhglp7epKb1K4pgrkLxehjqkrgPhfG6OO8LHLkfaqkbpjNRnra018XwAr1yQFWGcA==

postgres-interval@^1.1.0:
  version "1.2.0"
  resolved "https://registry.yarnpkg.com/postgres-interval/-/postgres-interval-1.2.0.tgz#b460c82cb1587507788819a06aa0fffdb3544695"
  integrity sha512-9ZhXKM/rw350N1ovuWHbGxnGh/SNJ4cnxHiM0rxE4VN41wsg8P8zWn9hv/buK00RP4WvlOyr/RBDiptyxVbkZQ==
  dependencies:
    xtend "^4.0.0"

postgres-interval@^3.0.0:
  version "3.0.0"
  resolved "https://registry.yarnpkg.com/postgres-interval/-/postgres-interval-3.0.0.tgz#baf7a8b3ebab19b7f38f07566c7aab0962f0c86a"
  integrity sha512-BSNDnbyZCXSxgA+1f5UU2GmwhoI0aU5yMxRGO8CdFEcY2BQF9xm/7MqKnYoM1nJDk8nONNWDk9WeSmePFhQdlw==

postgres-range@^1.1.1:
  version "1.1.4"
  resolved "https://registry.yarnpkg.com/postgres-range/-/postgres-range-1.1.4.tgz#a59c5f9520909bcec5e63e8cf913a92e4c952863"
  integrity sha512-i/hbxIE9803Alj/6ytL7UHQxRvZkI9O4Sy+J3HGc4F4oo/2eQAjTSNJ0bfxyse3bH0nuVesCk+3IRLaMtG3H6w==

require-in-the-middle@^7.1.1:
  version "7.4.0"
  resolved "https://registry.yarnpkg.com/require-in-the-middle/-/require-in-the-middle-7.4.0.tgz#606977820d4b5f9be75e5a108ce34cfed25b3bb4"
  integrity sha512-X34iHADNbNDfr6OTStIAHWSAvvKQRYgLO6duASaVf7J2VA3lvmNYboAHOuLC2huav1IwgZJtyEcJCKVzFxOSMQ==
  dependencies:
    debug "^4.3.5"
    module-details-from-path "^1.0.3"
    resolve "^1.22.8"

resolve@^1.22.8:
  version "1.22.8"
  resolved "https://registry.yarnpkg.com/resolve/-/resolve-1.22.8.tgz#b6c87a9f2aa06dfab52e3d70ac8cde321fa5a48d"
  integrity sha512-oKWePCxqpd6FlLvGV1VU0x7bkPmmCNolxzjMf4NczoDnQcIWrAF+cPtZn5i6n+RfD2d9i0tzpKnG6Yk168yIyw==
  dependencies:
    is-core-module "^2.13.0"
    path-parse "^1.0.7"
    supports-preserve-symlinks-flag "^1.0.0"

semver@^7.3.4, semver@^7.5.2:
  version "7.6.3"
  resolved "https://registry.yarnpkg.com/semver/-/semver-7.6.3.tgz#980f7b5550bc175fb4dc09403085627f9eb33143"
  integrity sha512-oVekP1cKtI+CTDvHWYFUcMtsK/00wmAEfyqKfNdARm8u1wNVhSgaX7A8d4UuIlUI5e84iEwOhs7ZPYRmzU9U6A==

shimmer@^1.2.1:
  version "1.2.1"
  resolved "https://registry.yarnpkg.com/shimmer/-/shimmer-1.2.1.tgz#610859f7de327b587efebf501fb43117f9aff337"
  integrity sha512-sQTKC1Re/rM6XyFM6fIAGHRPVGvyXfgzIDvzoq608vM+jeyVD0Tu1E6Np0Kc2zAIFWIj963V2800iF/9LPieQw==

source-map@^0.7.4:
  version "0.7.4"
  resolved "https://registry.yarnpkg.com/source-map/-/source-map-0.7.4.tgz#a9bbe705c9d8846f4e08ff6765acf0f1b0898656"
  integrity sha512-l3BikUxvPOcn5E74dZiq5BGsTb5yEwhaTSzccU6t4sDOH8NWJCstKO5QT2CvtFoK6F0saL7p9xHAqHOlCPJygA==

strip-bom@^3.0.0:
  version "3.0.0"
  resolved "https://registry.yarnpkg.com/strip-bom/-/strip-bom-3.0.0.tgz#2334c18e9c759f7bdd56fdef7e9ae3d588e68ed3"
  integrity sha512-vavAMRXOgBVNF6nyEEmL3DBK19iRpDcoIwW+swQ+CbGiu7lju6t+JklA1MHweoWtadgt4ISVUsXLyDq34ddcwA==

supports-color@^7.1.0:
  version "7.2.0"
  resolved "https://registry.yarnpkg.com/supports-color/-/supports-color-7.2.0.tgz#1b7dcdcb32b8138801b3e478ba6a51caa89648da"
  integrity sha512-qpCAvRl9stuOHveKsn7HncJRvv501qIacKzQlO/+Lwxc9+0q2wLyv4Dfvt80/DPn2pqOBsJdDiogXGR9+OvwRw==
  dependencies:
    has-flag "^4.0.0"

supports-preserve-symlinks-flag@^1.0.0:
  version "1.0.0"
  resolved "https://registry.yarnpkg.com/supports-preserve-symlinks-flag/-/supports-preserve-symlinks-flag-1.0.0.tgz#6eda4bd344a3c94aea376d4cc31bc77311039e09"
  integrity sha512-ot0WnXS9fgdkgIcePe6RHNk1WA8+muPa6cSjeR3V8K27q9BB1rTE3R1p7Hv0z1ZyAc8s6Vvv8DIyWf681MAt0w==

tapable@^2.2.0:
  version "2.2.1"
  resolved "https://registry.yarnpkg.com/tapable/-/tapable-2.2.1.tgz#1967a73ef4060a82f12ab96af86d52fdb76eeca0"
  integrity sha512-GNzQvQTOIP6RyTfE2Qxb8ZVlNmw0n88vp1szwWRimP02mnTsx3Wtn5qRdqY9w2XduFNUgvOwhNnQsjwCp+kqaQ==

to-regex-range@^5.0.1:
  version "5.0.1"
  resolved "https://registry.yarnpkg.com/to-regex-range/-/to-regex-range-5.0.1.tgz#1648c44aae7c8d988a326018ed72f5b4dd0392e4"
  integrity sha512-65P7iz6X5yEr1cwcgvQxbbIw7Uk3gOy5dIdtZ4rDveLqhrdJP+Li/Hx6tyK0NEb+2GCyneCMJiGqrADCSNk8sQ==
  dependencies:
    is-number "^7.0.0"

ts-loader@^9.5.1:
  version "9.5.1"
  resolved "https://registry.yarnpkg.com/ts-loader/-/ts-loader-9.5.1.tgz#63d5912a86312f1fbe32cef0859fb8b2193d9b89"
  integrity sha512-rNH3sK9kGZcH9dYzC7CewQm4NtxJTjSEVRJ2DyBZR7f8/wcta+iV44UPCXc5+nzDzivKtlzV6c9P4e+oFhDLYg==
  dependencies:
    chalk "^4.1.0"
    enhanced-resolve "^5.0.0"
    micromatch "^4.0.0"
    semver "^7.3.4"
    source-map "^0.7.4"

tsconfig-paths@^4.2.0:
  version "4.2.0"
  resolved "https://registry.yarnpkg.com/tsconfig-paths/-/tsconfig-paths-4.2.0.tgz#ef78e19039133446d244beac0fd6a1632e2d107c"
  integrity sha512-NoZ4roiN7LnbKn9QqE1amc9DJfzvZXxF4xDavcOWt1BPkdx+m+0gJuPM+S0vCe7zTJMYUP0R8pO2XMr+Y8oLIg==
  dependencies:
    json5 "^2.2.2"
    minimist "^1.2.6"
    strip-bom "^3.0.0"

typescript@4.9.5:
  version "4.9.5"
  resolved "https://registry.yarnpkg.com/typescript/-/typescript-4.9.5.tgz#095979f9bcc0d09da324d58d03ce8f8374cbe65a"
  integrity sha512-1FXk9E2Hm+QzZQ7z+McJiHL4NW1F2EzMu9Nq9i3zAaGqibafqYwCVU6WyWAuyQRRzOlxou8xZSyXLEN8oKj24g==

undici-types@~6.19.2:
  version "6.19.8"
  resolved "https://registry.yarnpkg.com/undici-types/-/undici-types-6.19.8.tgz#35111c9d1437ab83a7cdc0abae2f26d88eda0a02"
  integrity sha512-ve2KP6f/JnbPBFyobGHuerC9g1FYGn/F8n1LWTwNxCEzd6IfqTwUQcNXgEtmmQ6DlRrC1hrSrBnCZPokRrDHjw==

xtend@^4.0.0:
  version "4.0.2"
  resolved "https://registry.yarnpkg.com/xtend/-/xtend-4.0.2.tgz#bb72779f5fa465186b1f438f674fa347fdb5db54"
  integrity sha512-LKYU1iAXJXUgAXn9URjiu+MWhyUXHsvfp7mcuYm9dSUKK0/CjtrUwFAxD82/mCWbtLsGjFIad0wIsod4zrTAEQ==
